// !$*UTF8*$!
{
	archiveVersion = 1;
	classes = {
	};
	objectVersion = 48;
	objects = {

/* Begin PBXBuildFile section */
		D872A26B8CB9FA0B67C5B99F /* libPods-XH_MultiFunction_Demo.a in Frameworks */ = {isa = PBXBuildFile; fileRef = BE27AE2BBFCA22ADE871297A /* libPods-XH_MultiFunction_Demo.a */; };
		FC893271211BDF5300647657 /* AppDelegate.m in Sources */ = {isa = PBXBuildFile; fileRef = FC893270211BDF5200647657 /* AppDelegate.m */; };
		FC893274211BDF5300647657 /* ViewController.m in Sources */ = {isa = PBXBuildFile; fileRef = FC893273211BDF5300647657 /* ViewController.m */; };
		FC893277211BDF5300647657 /* Main.storyboard in Resources */ = {isa = PBXBuildFile; fileRef = FC893275211BDF5300647657 /* Main.storyboard */; };
		FC893279211BDF5300647657 /* Assets.xcassets in Resources */ = {isa = PBXBuildFile; fileRef = FC893278211BDF5300647657 /* Assets.xcassets */; };
		FC89327C211BDF5300647657 /* LaunchScreen.storyboard in Resources */ = {isa = PBXBuildFile; fileRef = FC89327A211BDF5300647657 /* LaunchScreen.storyboard */; };
		FC89327F211BDF5300647657 /* main.m in Sources */ = {isa = PBXBuildFile; fileRef = FC89327E211BDF5300647657 /* main.m */; };
		FC893289211BDF5300647657 /* XH_MultiFunction_DemoTests.m in Sources */ = {isa = PBXBuildFile; fileRef = FC893288211BDF5300647657 /* XH_MultiFunction_DemoTests.m */; };
		FC893294211BDF5300647657 /* XH_MultiFunction_DemoUITests.m in Sources */ = {isa = PBXBuildFile; fileRef = FC893293211BDF5300647657 /* XH_MultiFunction_DemoUITests.m */; };
		FC8932B7211BE28F00647657 /* README.md in Resources */ = {isa = PBXBuildFile; fileRef = FC8932AC211BE28F00647657 /* README.md */; };
		FC8932B8211BE28F00647657 /* README.md in Resources */ = {isa = PBXBuildFile; fileRef = FC8932B4211BE28F00647657 /* README.md */; };
		FC8932C6211C063C00647657 /* AppBaseNavigationController.m in Sources */ = {isa = PBXBuildFile; fileRef = FC8932BD211C063C00647657 /* AppBaseNavigationController.m */; };
		FC8932C7211C063C00647657 /* AppBaseTabBarController.m in Sources */ = {isa = PBXBuildFile; fileRef = FC8932BF211C063C00647657 /* AppBaseTabBarController.m */; };
		FC8932C8211C063C00647657 /* AppBaseViewController.m in Sources */ = {isa = PBXBuildFile; fileRef = FC8932C1211C063C00647657 /* AppBaseViewController.m */; };
		FC8932CA211C063C00647657 /* AppMainViewController.m in Sources */ = {isa = PBXBuildFile; fileRef = FC8932C5211C063C00647657 /* AppMainViewController.m */; };
		FC8932CD211C0C9200647657 /* AppManager.m in Sources */ = {isa = PBXBuildFile; fileRef = FC8932CC211C0C9200647657 /* AppManager.m */; };
		FC8932D1211C0CE900647657 /* XHAdInfoModel.m in Sources */ = {isa = PBXBuildFile; fileRef = FC8932D0211C0CE900647657 /* XHAdInfoModel.m */; };
		FC8932D4211C0D2100647657 /* AppUserInfoModel.m in Sources */ = {isa = PBXBuildFile; fileRef = FC8932D3211C0D2100647657 /* AppUserInfoModel.m */; };
		FC8932D8211C0EC800647657 /* UIColor+additions.m in Sources */ = {isa = PBXBuildFile; fileRef = FC8932D7211C0EC800647657 /* UIColor+additions.m */; };
		FC8932DB211C15C600647657 /* ZWIntroductionViewController.m in Sources */ = {isa = PBXBuildFile; fileRef = FC8932D9211C15C600647657 /* ZWIntroductionViewController.m */; };
		FC8932DE211C170C00647657 /* XHAdViewController.m in Sources */ = {isa = PBXBuildFile; fileRef = FC8932DD211C170C00647657 /* XHAdViewController.m */; };
		FC8932E5211C2B7000647657 /* LoginVC.m in Sources */ = {isa = PBXBuildFile; fileRef = FC8932E4211C2B7000647657 /* LoginVC.m */; };
		FC8932E9211C341500647657 /* XHTools.m in Sources */ = {isa = PBXBuildFile; fileRef = FC8932E7211C341500647657 /* XHTools.m */; };
		FC8932ED211C410200647657 /* XHDrawer.m in Sources */ = {isa = PBXBuildFile; fileRef = FC8932EB211C410200647657 /* XHDrawer.m */; };
		FC8932F0211C411900647657 /* XHShowTimePicker.m in Sources */ = {isa = PBXBuildFile; fileRef = FC8932EE211C411900647657 /* XHShowTimePicker.m */; };
		FC8932F3211C416900647657 /* YHResetFrameButton.m in Sources */ = {isa = PBXBuildFile; fileRef = FC8932F2211C416900647657 /* YHResetFrameButton.m */; };
		FC8932F6211C434F00647657 /* NSArray+add.m in Sources */ = {isa = PBXBuildFile; fileRef = FC8932F5211C434F00647657 /* NSArray+add.m */; };
		FC8932F9211C479100647657 /* TouchID.m in Sources */ = {isa = PBXBuildFile; fileRef = FC8932F8211C479100647657 /* TouchID.m */; };
		FC8932FC211C47D900647657 /* UIView+Activity.m in Sources */ = {isa = PBXBuildFile; fileRef = FC8932FB211C47D900647657 /* UIView+Activity.m */; };
/* End PBXBuildFile section */

/* Begin PBXContainerItemProxy section */
		FC893285211BDF5300647657 /* PBXContainerItemProxy */ = {
			isa = PBXContainerItemProxy;
			containerPortal = FC893264211BDF5200647657 /* Project object */;
			proxyType = 1;
			remoteGlobalIDString = FC89326B211BDF5200647657;
			remoteInfo = XH_MultiFunction_Demo;
		};
		FC893290211BDF5300647657 /* PBXContainerItemProxy */ = {
			isa = PBXContainerItemProxy;
			containerPortal = FC893264211BDF5200647657 /* Project object */;
			proxyType = 1;
			remoteGlobalIDString = FC89326B211BDF5200647657;
			remoteInfo = XH_MultiFunction_Demo;
		};
/* End PBXContainerItemProxy section */

/* Begin PBXFileReference section */
		46C97B3AB8747B4ACCFA45A8 /* Pods-XH_MultiFunction_Demo.debug.xcconfig */ = {isa = PBXFileReference; includeInIndex = 1; lastKnownFileType = text.xcconfig; name = "Pods-XH_MultiFunction_Demo.debug.xcconfig"; path = "Pods/Target Support Files/Pods-XH_MultiFunction_Demo/Pods-XH_MultiFunction_Demo.debug.xcconfig"; sourceTree = "<group>"; };
		5CC44D7C6B7BC251C405AB48 /* Pods-XH_MultiFunction_Demo.release.xcconfig */ = {isa = PBXFileReference; includeInIndex = 1; lastKnownFileType = text.xcconfig; name = "Pods-XH_MultiFunction_Demo.release.xcconfig"; path = "Pods/Target Support Files/Pods-XH_MultiFunction_Demo/Pods-XH_MultiFunction_Demo.release.xcconfig"; sourceTree = "<group>"; };
		BE27AE2BBFCA22ADE871297A /* libPods-XH_MultiFunction_Demo.a */ = {isa = PBXFileReference; explicitFileType = archive.ar; includeInIndex = 0; path = "libPods-XH_MultiFunction_Demo.a"; sourceTree = BUILT_PRODUCTS_DIR; };
		FC89326C211BDF5200647657 /* XH_MultiFunction_Demo.app */ = {isa = PBXFileReference; explicitFileType = wrapper.application; includeInIndex = 0; path = XH_MultiFunction_Demo.app; sourceTree = BUILT_PRODUCTS_DIR; };
		FC89326F211BDF5200647657 /* AppDelegate.h */ = {isa = PBXFileReference; lastKnownFileType = sourcecode.c.h; path = AppDelegate.h; sourceTree = "<group>"; };
		FC893270211BDF5200647657 /* AppDelegate.m */ = {isa = PBXFileReference; lastKnownFileType = sourcecode.c.objc; path = AppDelegate.m; sourceTree = "<group>"; };
		FC893272211BDF5300647657 /* ViewController.h */ = {isa = PBXFileReference; lastKnownFileType = sourcecode.c.h; path = ViewController.h; sourceTree = "<group>"; };
		FC893273211BDF5300647657 /* ViewController.m */ = {isa = PBXFileReference; lastKnownFileType = sourcecode.c.objc; path = ViewController.m; sourceTree = "<group>"; };
		FC893276211BDF5300647657 /* Base */ = {isa = PBXFileReference; lastKnownFileType = file.storyboard; name = Base; path = Base.lproj/Main.storyboard; sourceTree = "<group>"; };
		FC893278211BDF5300647657 /* Assets.xcassets */ = {isa = PBXFileReference; lastKnownFileType = folder.assetcatalog; path = Assets.xcassets; sourceTree = "<group>"; };
		FC89327B211BDF5300647657 /* Base */ = {isa = PBXFileReference; lastKnownFileType = file.storyboard; name = Base; path = Base.lproj/LaunchScreen.storyboard; sourceTree = "<group>"; };
		FC89327D211BDF5300647657 /* Info.plist */ = {isa = PBXFileReference; lastKnownFileType = text.plist.xml; path = Info.plist; sourceTree = "<group>"; };
		FC89327E211BDF5300647657 /* main.m */ = {isa = PBXFileReference; lastKnownFileType = sourcecode.c.objc; path = main.m; sourceTree = "<group>"; };
		FC893284211BDF5300647657 /* XH_MultiFunction_DemoTests.xctest */ = {isa = PBXFileReference; explicitFileType = wrapper.cfbundle; includeInIndex = 0; path = XH_MultiFunction_DemoTests.xctest; sourceTree = BUILT_PRODUCTS_DIR; };
		FC893288211BDF5300647657 /* XH_MultiFunction_DemoTests.m */ = {isa = PBXFileReference; lastKnownFileType = sourcecode.c.objc; path = XH_MultiFunction_DemoTests.m; sourceTree = "<group>"; };
		FC89328A211BDF5300647657 /* Info.plist */ = {isa = PBXFileReference; lastKnownFileType = text.plist.xml; path = Info.plist; sourceTree = "<group>"; };
		FC89328F211BDF5300647657 /* XH_MultiFunction_DemoUITests.xctest */ = {isa = PBXFileReference; explicitFileType = wrapper.cfbundle; includeInIndex = 0; path = XH_MultiFunction_DemoUITests.xctest; sourceTree = BUILT_PRODUCTS_DIR; };
		FC893293211BDF5300647657 /* XH_MultiFunction_DemoUITests.m */ = {isa = PBXFileReference; lastKnownFileType = sourcecode.c.objc; path = XH_MultiFunction_DemoUITests.m; sourceTree = "<group>"; };
		FC893295211BDF5300647657 /* Info.plist */ = {isa = PBXFileReference; lastKnownFileType = text.plist.xml; path = Info.plist; sourceTree = "<group>"; };
		FC8932AC211BE28F00647657 /* README.md */ = {isa = PBXFileReference; fileEncoding = 4; lastKnownFileType = net.daringfireball.markdown; path = README.md; sourceTree = "<group>"; };
		FC8932AF211BE28F00647657 /* App_Header_Define.h */ = {isa = PBXFileReference; fileEncoding = 4; lastKnownFileType = sourcecode.c.h; path = App_Header_Define.h; sourceTree = "<group>"; };
		FC8932B0211BE28F00647657 /* App_Header_Enum.h */ = {isa = PBXFileReference; fileEncoding = 4; lastKnownFileType = sourcecode.c.h; path = App_Header_Enum.h; sourceTree = "<group>"; };
		FC8932B1211BE28F00647657 /* App_Header_Import.h */ = {isa = PBXFileReference; fileEncoding = 4; lastKnownFileType = sourcecode.c.h; path = App_Header_Import.h; sourceTree = "<group>"; };
		FC8932B2211BE28F00647657 /* App_Header_KeyMap.h */ = {isa = PBXFileReference; fileEncoding = 4; lastKnownFileType = sourcecode.c.h; path = App_Header_KeyMap.h; sourceTree = "<group>"; };
		FC8932B3211BE28F00647657 /* PrefixHeader.pch */ = {isa = PBXFileReference; fileEncoding = 4; lastKnownFileType = sourcecode.c.h; path = PrefixHeader.pch; sourceTree = "<group>"; };
		FC8932B4211BE28F00647657 /* README.md */ = {isa = PBXFileReference; fileEncoding = 4; lastKnownFileType = net.daringfireball.markdown; path = README.md; sourceTree = "<group>"; };
		FC8932BC211C063C00647657 /* AppBaseNavigationController.h */ = {isa = PBXFileReference; fileEncoding = 4; lastKnownFileType = sourcecode.c.h; path = AppBaseNavigationController.h; sourceTree = "<group>"; };
		FC8932BD211C063C00647657 /* AppBaseNavigationController.m */ = {isa = PBXFileReference; fileEncoding = 4; lastKnownFileType = sourcecode.c.objc; path = AppBaseNavigationController.m; sourceTree = "<group>"; };
		FC8932BE211C063C00647657 /* AppBaseTabBarController.h */ = {isa = PBXFileReference; fileEncoding = 4; lastKnownFileType = sourcecode.c.h; path = AppBaseTabBarController.h; sourceTree = "<group>"; };
		FC8932BF211C063C00647657 /* AppBaseTabBarController.m */ = {isa = PBXFileReference; fileEncoding = 4; lastKnownFileType = sourcecode.c.objc; path = AppBaseTabBarController.m; sourceTree = "<group>"; };
		FC8932C0211C063C00647657 /* AppBaseViewController.h */ = {isa = PBXFileReference; fileEncoding = 4; lastKnownFileType = sourcecode.c.h; path = AppBaseViewController.h; sourceTree = "<group>"; };
		FC8932C1211C063C00647657 /* AppBaseViewController.m */ = {isa = PBXFileReference; fileEncoding = 4; lastKnownFileType = sourcecode.c.objc; path = AppBaseViewController.m; sourceTree = "<group>"; };
		FC8932C4211C063C00647657 /* AppMainViewController.h */ = {isa = PBXFileReference; fileEncoding = 4; lastKnownFileType = sourcecode.c.h; path = AppMainViewController.h; sourceTree = "<group>"; };
		FC8932C5211C063C00647657 /* AppMainViewController.m */ = {isa = PBXFileReference; fileEncoding = 4; lastKnownFileType = sourcecode.c.objc; path = AppMainViewController.m; sourceTree = "<group>"; };
		FC8932CB211C0C9200647657 /* AppManager.h */ = {isa = PBXFileReference; fileEncoding = 4; lastKnownFileType = sourcecode.c.h; path = AppManager.h; sourceTree = "<group>"; };
		FC8932CC211C0C9200647657 /* AppManager.m */ = {isa = PBXFileReference; fileEncoding = 4; lastKnownFileType = sourcecode.c.objc; path = AppManager.m; sourceTree = "<group>"; };
		FC8932CF211C0CE900647657 /* XHAdInfoModel.h */ = {isa = PBXFileReference; fileEncoding = 4; lastKnownFileType = sourcecode.c.h; path = XHAdInfoModel.h; sourceTree = "<group>"; };
		FC8932D0211C0CE900647657 /* XHAdInfoModel.m */ = {isa = PBXFileReference; fileEncoding = 4; lastKnownFileType = sourcecode.c.objc; path = XHAdInfoModel.m; sourceTree = "<group>"; };
		FC8932D2211C0D2100647657 /* AppUserInfoModel.h */ = {isa = PBXFileReference; lastKnownFileType = sourcecode.c.h; path = AppUserInfoModel.h; sourceTree = "<group>"; };
		FC8932D3211C0D2100647657 /* AppUserInfoModel.m */ = {isa = PBXFileReference; lastKnownFileType = sourcecode.c.objc; path = AppUserInfoModel.m; sourceTree = "<group>"; };
		FC8932D6211C0EC800647657 /* UIColor+additions.h */ = {isa = PBXFileReference; fileEncoding = 4; lastKnownFileType = sourcecode.c.h; path = "UIColor+additions.h"; sourceTree = "<group>"; };
		FC8932D7211C0EC800647657 /* UIColor+additions.m */ = {isa = PBXFileReference; fileEncoding = 4; lastKnownFileType = sourcecode.c.objc; path = "UIColor+additions.m"; sourceTree = "<group>"; };
		FC8932D9211C15C600647657 /* ZWIntroductionViewController.m */ = {isa = PBXFileReference; fileEncoding = 4; lastKnownFileType = sourcecode.c.objc; path = ZWIntroductionViewController.m; sourceTree = "<group>"; };
		FC8932DA211C15C600647657 /* ZWIntroductionViewController.h */ = {isa = PBXFileReference; fileEncoding = 4; lastKnownFileType = sourcecode.c.h; path = ZWIntroductionViewController.h; sourceTree = "<group>"; };
		FC8932DC211C170C00647657 /* XHAdViewController.h */ = {isa = PBXFileReference; fileEncoding = 4; lastKnownFileType = sourcecode.c.h; path = XHAdViewController.h; sourceTree = "<group>"; };
		FC8932DD211C170C00647657 /* XHAdViewController.m */ = {isa = PBXFileReference; fileEncoding = 4; lastKnownFileType = sourcecode.c.objc; path = XHAdViewController.m; sourceTree = "<group>"; };
		FC8932E3211C2B7000647657 /* LoginVC.h */ = {isa = PBXFileReference; lastKnownFileType = sourcecode.c.h; path = LoginVC.h; sourceTree = "<group>"; };
		FC8932E4211C2B7000647657 /* LoginVC.m */ = {isa = PBXFileReference; lastKnownFileType = sourcecode.c.objc; path = LoginVC.m; sourceTree = "<group>"; };
		FC8932E7211C341500647657 /* XHTools.m */ = {isa = PBXFileReference; fileEncoding = 4; lastKnownFileType = sourcecode.c.objc; path = XHTools.m; sourceTree = "<group>"; };
		FC8932E8211C341500647657 /* XHTools.h */ = {isa = PBXFileReference; fileEncoding = 4; lastKnownFileType = sourcecode.c.h; path = XHTools.h; sourceTree = "<group>"; };
		FC8932EB211C410200647657 /* XHDrawer.m */ = {isa = PBXFileReference; fileEncoding = 4; lastKnownFileType = sourcecode.c.objc; path = XHDrawer.m; sourceTree = "<group>"; };
		FC8932EC211C410200647657 /* XHDrawer.h */ = {isa = PBXFileReference; fileEncoding = 4; lastKnownFileType = sourcecode.c.h; path = XHDrawer.h; sourceTree = "<group>"; };
		FC8932EE211C411900647657 /* XHShowTimePicker.m */ = {isa = PBXFileReference; fileEncoding = 4; lastKnownFileType = sourcecode.c.objc; path = XHShowTimePicker.m; sourceTree = "<group>"; };
		FC8932EF211C411900647657 /* XHShowTimePicker.h */ = {isa = PBXFileReference; fileEncoding = 4; lastKnownFileType = sourcecode.c.h; path = XHShowTimePicker.h; sourceTree = "<group>"; };
		FC8932F1211C416900647657 /* YHResetFrameButton.h */ = {isa = PBXFileReference; fileEncoding = 4; lastKnownFileType = sourcecode.c.h; path = YHResetFrameButton.h; sourceTree = "<group>"; };
		FC8932F2211C416900647657 /* YHResetFrameButton.m */ = {isa = PBXFileReference; fileEncoding = 4; lastKnownFileType = sourcecode.c.objc; path = YHResetFrameButton.m; sourceTree = "<group>"; };
		FC8932F4211C434F00647657 /* NSArray+add.h */ = {isa = PBXFileReference; lastKnownFileType = sourcecode.c.h; path = "NSArray+add.h"; sourceTree = "<group>"; };
		FC8932F5211C434F00647657 /* NSArray+add.m */ = {isa = PBXFileReference; lastKnownFileType = sourcecode.c.objc; path = "NSArray+add.m"; sourceTree = "<group>"; };
		FC8932F7211C479000647657 /* TouchID.h */ = {isa = PBXFileReference; fileEncoding = 4; lastKnownFileType = sourcecode.c.h; path = TouchID.h; sourceTree = "<group>"; };
		FC8932F8211C479100647657 /* TouchID.m */ = {isa = PBXFileReference; fileEncoding = 4; lastKnownFileType = sourcecode.c.objc; path = TouchID.m; sourceTree = "<group>"; };
		FC8932FA211C47D900647657 /* UIView+Activity.h */ = {isa = PBXFileReference; fileEncoding = 4; lastKnownFileType = sourcecode.c.h; path = "UIView+Activity.h"; sourceTree = "<group>"; };
		FC8932FB211C47D900647657 /* UIView+Activity.m */ = {isa = PBXFileReference; fileEncoding = 4; lastKnownFileType = sourcecode.c.objc; path = "UIView+Activity.m"; sourceTree = "<group>"; };
/* End PBXFileReference section */

/* Begin PBXFrameworksBuildPhase section */
		FC893269211BDF5200647657 /* Frameworks */ = {
			isa = PBXFrameworksBuildPhase;
			buildActionMask = 2147483647;
			files = (
				D872A26B8CB9FA0B67C5B99F /* libPods-XH_MultiFunction_Demo.a in Frameworks */,
			);
			runOnlyForDeploymentPostprocessing = 0;
		};
		FC893281211BDF5300647657 /* Frameworks */ = {
			isa = PBXFrameworksBuildPhase;
			buildActionMask = 2147483647;
			files = (
			);
			runOnlyForDeploymentPostprocessing = 0;
		};
		FC89328C211BDF5300647657 /* Frameworks */ = {
			isa = PBXFrameworksBuildPhase;
			buildActionMask = 2147483647;
			files = (
			);
			runOnlyForDeploymentPostprocessing = 0;
		};
/* End PBXFrameworksBuildPhase section */

/* Begin PBXGroup section */
		1F04AC682B4BE0CB188E1FBB /* Pods */ = {
			isa = PBXGroup;
			children = (
				46C97B3AB8747B4ACCFA45A8 /* Pods-XH_MultiFunction_Demo.debug.xcconfig */,
				5CC44D7C6B7BC251C405AB48 /* Pods-XH_MultiFunction_Demo.release.xcconfig */,
			);
			name = Pods;
			sourceTree = "<group>";
		};
		AB71B679DD58B2CB0AA51747 /* Frameworks */ = {
			isa = PBXGroup;
			children = (
				BE27AE2BBFCA22ADE871297A /* libPods-XH_MultiFunction_Demo.a */,
			);
			name = Frameworks;
			sourceTree = "<group>";
		};
		FC893263211BDF5200647657 = {
			isa = PBXGroup;
			children = (
				FC89326E211BDF5200647657 /* XH_MultiFunction_Demo */,
				FC893287211BDF5300647657 /* XH_MultiFunction_DemoTests */,
				FC893292211BDF5300647657 /* XH_MultiFunction_DemoUITests */,
				FC89326D211BDF5200647657 /* Products */,
				1F04AC682B4BE0CB188E1FBB /* Pods */,
				AB71B679DD58B2CB0AA51747 /* Frameworks */,
			);
			sourceTree = "<group>";
		};
		FC89326D211BDF5200647657 /* Products */ = {
			isa = PBXGroup;
			children = (
				FC89326C211BDF5200647657 /* XH_MultiFunction_Demo.app */,
				FC893284211BDF5300647657 /* XH_MultiFunction_DemoTests.xctest */,
				FC89328F211BDF5300647657 /* XH_MultiFunction_DemoUITests.xctest */,
			);
			name = Products;
			sourceTree = "<group>";
		};
		FC89326E211BDF5200647657 /* XH_MultiFunction_Demo */ = {
			isa = PBXGroup;
			children = (
				FC8932A4211BE28F00647657 /* Project */,
				FC8932A3211BDFF300647657 /* Application */,
			);
			path = XH_MultiFunction_Demo;
			sourceTree = "<group>";
		};
		FC893287211BDF5300647657 /* XH_MultiFunction_DemoTests */ = {
			isa = PBXGroup;
			children = (
				FC893288211BDF5300647657 /* XH_MultiFunction_DemoTests.m */,
				FC89328A211BDF5300647657 /* Info.plist */,
			);
			path = XH_MultiFunction_DemoTests;
			sourceTree = "<group>";
		};
		FC893292211BDF5300647657 /* XH_MultiFunction_DemoUITests */ = {
			isa = PBXGroup;
			children = (
				FC893293211BDF5300647657 /* XH_MultiFunction_DemoUITests.m */,
				FC893295211BDF5300647657 /* Info.plist */,
			);
			path = XH_MultiFunction_DemoUITests;
			sourceTree = "<group>";
		};
		FC8932A3211BDFF300647657 /* Application */ = {
			isa = PBXGroup;
			children = (
				FC89326F211BDF5200647657 /* AppDelegate.h */,
				FC893270211BDF5200647657 /* AppDelegate.m */,
				FC893272211BDF5300647657 /* ViewController.h */,
				FC893273211BDF5300647657 /* ViewController.m */,
				FC893275211BDF5300647657 /* Main.storyboard */,
				FC893278211BDF5300647657 /* Assets.xcassets */,
				FC89327A211BDF5300647657 /* LaunchScreen.storyboard */,
				FC89327D211BDF5300647657 /* Info.plist */,
				FC89327E211BDF5300647657 /* main.m */,
			);
			name = Application;
			sourceTree = "<group>";
		};
		FC8932A4211BE28F00647657 /* Project */ = {
			isa = PBXGroup;
			children = (
				FC8932A5211BE28F00647657 /* Classes（主项目类） */,
				FC8932AB211BE28F00647657 /* Resources（资源文件） */,
				FC8932AD211BE28F00647657 /* Utils（通用类） */,
			);
			path = Project;
			sourceTree = "<group>";
		};
		FC8932A5211BE28F00647657 /* Classes（主项目类） */ = {
			isa = PBXGroup;
			children = (
				FC8932BA211C063C00647657 /* Main（主框架） */,
				FC8932A6211BE28F00647657 /* Home（首页） */,
			);
			path = "Classes（主项目类）";
			sourceTree = "<group>";
		};
		FC8932A6211BE28F00647657 /* Home（首页） */ = {
			isa = PBXGroup;
			children = (
			);
			path = "Home（首页）";
			sourceTree = "<group>";
		};
		FC8932AB211BE28F00647657 /* Resources（资源文件） */ = {
			isa = PBXGroup;
			children = (
				FC8932AC211BE28F00647657 /* README.md */,
			);
			path = "Resources（资源文件）";
			sourceTree = "<group>";
		};
		FC8932AD211BE28F00647657 /* Utils（通用类） */ = {
			isa = PBXGroup;
			children = (
				FC8932B4211BE28F00647657 /* README.md */,
				FC8932AE211BE28F00647657 /* Prefix */,
				FC8932B5211BE28F00647657 /* XHTools */,
			);
			path = "Utils（通用类）";
			sourceTree = "<group>";
		};
		FC8932AE211BE28F00647657 /* Prefix */ = {
			isa = PBXGroup;
			children = (
				FC8932AF211BE28F00647657 /* App_Header_Define.h */,
				FC8932B0211BE28F00647657 /* App_Header_Enum.h */,
				FC8932B1211BE28F00647657 /* App_Header_Import.h */,
				FC8932B2211BE28F00647657 /* App_Header_KeyMap.h */,
				FC8932B3211BE28F00647657 /* PrefixHeader.pch */,
			);
			path = Prefix;
			sourceTree = "<group>";
		};
		FC8932B5211BE28F00647657 /* XHTools */ = {
			isa = PBXGroup;
			children = (
				FC8932EA211C40A000647657 /* XHView */,
				FC8932E6211C33F600647657 /* NSObject */,
				FC8932D5211C0EAC00647657 /* Category */,
				FC8932B9211C040C00647657 /* Manager */,
			);
			path = XHTools;
			sourceTree = "<group>";
		};
		FC8932B9211C040C00647657 /* Manager */ = {
			isa = PBXGroup;
			children = (
				FC8932F7211C479000647657 /* TouchID.h */,
				FC8932F8211C479100647657 /* TouchID.m */,
				FC8932CB211C0C9200647657 /* AppManager.h */,
				FC8932CC211C0C9200647657 /* AppManager.m */,
			);
			path = Manager;
			sourceTree = "<group>";
		};
		FC8932BA211C063C00647657 /* Main（主框架） */ = {
			isa = PBXGroup;
			children = (
				FC8932E2211C2A7300647657 /* Login */,
				FC8932E1211C1FE500647657 /* Guide */,
				FC8932E0211C1FDE00647657 /* Ad */,
				FC8932DF211C1FD600647657 /* Base */,
				FC8932CE211C0CAD00647657 /* Models */,
				FC8932BB211C063C00647657 /* Controllers */,
			);
			path = "Main（主框架）";
			sourceTree = "<group>";
		};
		FC8932BB211C063C00647657 /* Controllers */ = {
			isa = PBXGroup;
			children = (
				FC8932C4211C063C00647657 /* AppMainViewController.h */,
				FC8932C5211C063C00647657 /* AppMainViewController.m */,
			);
			path = Controllers;
			sourceTree = "<group>";
		};
		FC8932CE211C0CAD00647657 /* Models */ = {
			isa = PBXGroup;
			children = (
				FC8932CF211C0CE900647657 /* XHAdInfoModel.h */,
				FC8932D0211C0CE900647657 /* XHAdInfoModel.m */,
				FC8932D2211C0D2100647657 /* AppUserInfoModel.h */,
				FC8932D3211C0D2100647657 /* AppUserInfoModel.m */,
			);
			path = Models;
			sourceTree = "<group>";
		};
		FC8932D5211C0EAC00647657 /* Category */ = {
			isa = PBXGroup;
			children = (
				FC8932FA211C47D900647657 /* UIView+Activity.h */,
				FC8932FB211C47D900647657 /* UIView+Activity.m */,
				FC8932D6211C0EC800647657 /* UIColor+additions.h */,
				FC8932D7211C0EC800647657 /* UIColor+additions.m */,
				FC8932F4211C434F00647657 /* NSArray+add.h */,
				FC8932F5211C434F00647657 /* NSArray+add.m */,
			);
			path = Category;
			sourceTree = "<group>";
		};
		FC8932DF211C1FD600647657 /* Base */ = {
			isa = PBXGroup;
			children = (
				FC8932BC211C063C00647657 /* AppBaseNavigationController.h */,
				FC8932BD211C063C00647657 /* AppBaseNavigationController.m */,
				FC8932BE211C063C00647657 /* AppBaseTabBarController.h */,
				FC8932BF211C063C00647657 /* AppBaseTabBarController.m */,
				FC8932C0211C063C00647657 /* AppBaseViewController.h */,
				FC8932C1211C063C00647657 /* AppBaseViewController.m */,
			);
			path = Base;
			sourceTree = "<group>";
		};
		FC8932E0211C1FDE00647657 /* Ad */ = {
			isa = PBXGroup;
			children = (
				FC8932DC211C170C00647657 /* XHAdViewController.h */,
				FC8932DD211C170C00647657 /* XHAdViewController.m */,
			);
			path = Ad;
			sourceTree = "<group>";
		};
		FC8932E1211C1FE500647657 /* Guide */ = {
			isa = PBXGroup;
			children = (
				FC8932DA211C15C600647657 /* ZWIntroductionViewController.h */,
				FC8932D9211C15C600647657 /* ZWIntroductionViewController.m */,
			);
			path = Guide;
			sourceTree = "<group>";
		};
		FC8932E2211C2A7300647657 /* Login */ = {
			isa = PBXGroup;
			children = (
				FC8932E3211C2B7000647657 /* LoginVC.h */,
				FC8932E4211C2B7000647657 /* LoginVC.m */,
			);
			path = Login;
			sourceTree = "<group>";
		};
		FC8932E6211C33F600647657 /* NSObject */ = {
			isa = PBXGroup;
			children = (
				FC8932E8211C341500647657 /* XHTools.h */,
				FC8932E7211C341500647657 /* XHTools.m */,
			);
			path = NSObject;
			sourceTree = "<group>";
		};
		FC8932EA211C40A000647657 /* XHView */ = {
			isa = PBXGroup;
			children = (
				FC8932F1211C416900647657 /* YHResetFrameButton.h */,
				FC8932F2211C416900647657 /* YHResetFrameButton.m */,
				FC8932EF211C411900647657 /* XHShowTimePicker.h */,
				FC8932EE211C411900647657 /* XHShowTimePicker.m */,
				FC8932EC211C410200647657 /* XHDrawer.h */,
				FC8932EB211C410200647657 /* XHDrawer.m */,
			);
			path = XHView;
			sourceTree = "<group>";
		};
/* End PBXGroup section */

/* Begin PBXNativeTarget section */
		FC89326B211BDF5200647657 /* XH_MultiFunction_Demo */ = {
			isa = PBXNativeTarget;
			buildConfigurationList = FC893298211BDF5300647657 /* Build configuration list for PBXNativeTarget "XH_MultiFunction_Demo" */;
			buildPhases = (
				9D2874A9D9143AF30A9105B9 /* [CP] Check Pods Manifest.lock */,
				FC893268211BDF5200647657 /* Sources */,
				FC893269211BDF5200647657 /* Frameworks */,
				FC89326A211BDF5200647657 /* Resources */,
				93A4E967E78F18AF66369C27 /* [CP] Embed Pods Frameworks */,
				FA99BC22EA19E922DB17F4F0 /* [CP] Copy Pods Resources */,
			);
			buildRules = (
			);
			dependencies = (
			);
			name = XH_MultiFunction_Demo;
			productName = XH_MultiFunction_Demo;
			productReference = FC89326C211BDF5200647657 /* XH_MultiFunction_Demo.app */;
			productType = "com.apple.product-type.application";
		};
		FC893283211BDF5300647657 /* XH_MultiFunction_DemoTests */ = {
			isa = PBXNativeTarget;
			buildConfigurationList = FC89329B211BDF5300647657 /* Build configuration list for PBXNativeTarget "XH_MultiFunction_DemoTests" */;
			buildPhases = (
				FC893280211BDF5300647657 /* Sources */,
				FC893281211BDF5300647657 /* Frameworks */,
				FC893282211BDF5300647657 /* Resources */,
			);
			buildRules = (
			);
			dependencies = (
				FC893286211BDF5300647657 /* PBXTargetDependency */,
			);
			name = XH_MultiFunction_DemoTests;
			productName = XH_MultiFunction_DemoTests;
			productReference = FC893284211BDF5300647657 /* XH_MultiFunction_DemoTests.xctest */;
			productType = "com.apple.product-type.bundle.unit-test";
		};
		FC89328E211BDF5300647657 /* XH_MultiFunction_DemoUITests */ = {
			isa = PBXNativeTarget;
			buildConfigurationList = FC89329E211BDF5300647657 /* Build configuration list for PBXNativeTarget "XH_MultiFunction_DemoUITests" */;
			buildPhases = (
				FC89328B211BDF5300647657 /* Sources */,
				FC89328C211BDF5300647657 /* Frameworks */,
				FC89328D211BDF5300647657 /* Resources */,
			);
			buildRules = (
			);
			dependencies = (
				FC893291211BDF5300647657 /* PBXTargetDependency */,
			);
			name = XH_MultiFunction_DemoUITests;
			productName = XH_MultiFunction_DemoUITests;
			productReference = FC89328F211BDF5300647657 /* XH_MultiFunction_DemoUITests.xctest */;
			productType = "com.apple.product-type.bundle.ui-testing";
		};
/* End PBXNativeTarget section */

/* Begin PBXProject section */
		FC893264211BDF5200647657 /* Project object */ = {
			isa = PBXProject;
			attributes = {
				LastUpgradeCheck = 0920;
				ORGANIZATIONNAME = MrYeL;
				TargetAttributes = {
					FC89326B211BDF5200647657 = {
						CreatedOnToolsVersion = 9.2;
						ProvisioningStyle = Automatic;
					};
					FC893283211BDF5300647657 = {
						CreatedOnToolsVersion = 9.2;
						ProvisioningStyle = Automatic;
						TestTargetID = FC89326B211BDF5200647657;
					};
					FC89328E211BDF5300647657 = {
						CreatedOnToolsVersion = 9.2;
						ProvisioningStyle = Automatic;
						TestTargetID = FC89326B211BDF5200647657;
					};
				};
			};
			buildConfigurationList = FC893267211BDF5200647657 /* Build configuration list for PBXProject "XH_MultiFunction_Demo" */;
			compatibilityVersion = "Xcode 8.0";
			developmentRegion = en;
			hasScannedForEncodings = 0;
			knownRegions = (
				en,
				Base,
			);
			mainGroup = FC893263211BDF5200647657;
			productRefGroup = FC89326D211BDF5200647657 /* Products */;
			projectDirPath = "";
			projectRoot = "";
			targets = (
				FC89326B211BDF5200647657 /* XH_MultiFunction_Demo */,
				FC893283211BDF5300647657 /* XH_MultiFunction_DemoTests */,
				FC89328E211BDF5300647657 /* XH_MultiFunction_DemoUITests */,
			);
		};
/* End PBXProject section */

/* Begin PBXResourcesBuildPhase section */
		FC89326A211BDF5200647657 /* Resources */ = {
			isa = PBXResourcesBuildPhase;
			buildActionMask = 2147483647;
			files = (
				FC8932B8211BE28F00647657 /* README.md in Resources */,
				FC89327C211BDF5300647657 /* LaunchScreen.storyboard in Resources */,
				FC893279211BDF5300647657 /* Assets.xcassets in Resources */,
				FC8932B7211BE28F00647657 /* README.md in Resources */,
				FC893277211BDF5300647657 /* Main.storyboard in Resources */,
			);
			runOnlyForDeploymentPostprocessing = 0;
		};
		FC893282211BDF5300647657 /* Resources */ = {
			isa = PBXResourcesBuildPhase;
			buildActionMask = 2147483647;
			files = (
			);
			runOnlyForDeploymentPostprocessing = 0;
		};
		FC89328D211BDF5300647657 /* Resources */ = {
			isa = PBXResourcesBuildPhase;
			buildActionMask = 2147483647;
			files = (
			);
			runOnlyForDeploymentPostprocessing = 0;
		};
/* End PBXResourcesBuildPhase section */

/* Begin PBXShellScriptBuildPhase section */
		93A4E967E78F18AF66369C27 /* [CP] Embed Pods Frameworks */ = {
			isa = PBXShellScriptBuildPhase;
			buildActionMask = 2147483647;
			files = (
			);
			inputPaths = (
			);
			name = "[CP] Embed Pods Frameworks";
			outputPaths = (
			);
			runOnlyForDeploymentPostprocessing = 0;
			shellPath = /bin/sh;
			shellScript = "\"${SRCROOT}/Pods/Target Support Files/Pods-XH_MultiFunction_Demo/Pods-XH_MultiFunction_Demo-frameworks.sh\"\n";
			showEnvVarsInLog = 0;
		};
		9D2874A9D9143AF30A9105B9 /* [CP] Check Pods Manifest.lock */ = {
			isa = PBXShellScriptBuildPhase;
			buildActionMask = 2147483647;
			files = (
			);
			inputPaths = (
				"${PODS_PODFILE_DIR_PATH}/Podfile.lock",
				"${PODS_ROOT}/Manifest.lock",
			);
			name = "[CP] Check Pods Manifest.lock";
			outputPaths = (
				"$(DERIVED_FILE_DIR)/Pods-XH_MultiFunction_Demo-checkManifestLockResult.txt",
			);
			runOnlyForDeploymentPostprocessing = 0;
			shellPath = /bin/sh;
			shellScript = "diff \"${PODS_PODFILE_DIR_PATH}/Podfile.lock\" \"${PODS_ROOT}/Manifest.lock\" > /dev/null\nif [ $? != 0 ] ; then\n    # print error to STDERR\n    echo \"error: The sandbox is not in sync with the Podfile.lock. Run 'pod install' or update your CocoaPods installation.\" >&2\n    exit 1\nfi\n# This output is used by Xcode 'outputs' to avoid re-running this script phase.\necho \"SUCCESS\" > \"${SCRIPT_OUTPUT_FILE_0}\"\n";
			showEnvVarsInLog = 0;
		};
		FA99BC22EA19E922DB17F4F0 /* [CP] Copy Pods Resources */ = {
			isa = PBXShellScriptBuildPhase;
			buildActionMask = 2147483647;
			files = (
			);
			inputPaths = (
			);
			name = "[CP] Copy Pods Resources";
			outputPaths = (
			);
			runOnlyForDeploymentPostprocessing = 0;
			shellPath = /bin/sh;
			shellScript = "\"${SRCROOT}/Pods/Target Support Files/Pods-XH_MultiFunction_Demo/Pods-XH_MultiFunction_Demo-resources.sh\"\n";
			showEnvVarsInLog = 0;
		};
/* End PBXShellScriptBuildPhase section */

/* Begin PBXSourcesBuildPhase section */
		FC893268211BDF5200647657 /* Sources */ = {
			isa = PBXSourcesBuildPhase;
			buildActionMask = 2147483647;
			files = (
				FC8932C6211C063C00647657 /* AppBaseNavigationController.m in Sources */,
				FC8932F6211C434F00647657 /* NSArray+add.m in Sources */,
				FC8932DE211C170C00647657 /* XHAdViewController.m in Sources */,
				FC8932D1211C0CE900647657 /* XHAdInfoModel.m in Sources */,
				FC8932F9211C479100647657 /* TouchID.m in Sources */,
				FC8932D8211C0EC800647657 /* UIColor+additions.m in Sources */,
				FC8932DB211C15C600647657 /* ZWIntroductionViewController.m in Sources */,
				FC893274211BDF5300647657 /* ViewController.m in Sources */,
				FC89327F211BDF5300647657 /* main.m in Sources */,
				FC8932E9211C341500647657 /* XHTools.m in Sources */,
				FC8932CD211C0C9200647657 /* AppManager.m in Sources */,
				FC8932C8211C063C00647657 /* AppBaseViewController.m in Sources */,
				FC8932ED211C410200647657 /* XHDrawer.m in Sources */,
				FC8932D4211C0D2100647657 /* AppUserInfoModel.m in Sources */,
				FC8932FC211C47D900647657 /* UIView+Activity.m in Sources */,
				FC8932F0211C411900647657 /* XHShowTimePicker.m in Sources */,
				FC893271211BDF5300647657 /* AppDelegate.m in Sources */,
				FC8932C7211C063C00647657 /* AppBaseTabBarController.m in Sources */,
				FC8932E5211C2B7000647657 /* LoginVC.m in Sources */,
				FC8932F3211C416900647657 /* YHResetFrameButton.m in Sources */,
				FC8932CA211C063C00647657 /* AppMainViewController.m in Sources */,
			);
			runOnlyForDeploymentPostprocessing = 0;
		};
		FC893280211BDF5300647657 /* Sources */ = {
			isa = PBXSourcesBuildPhase;
			buildActionMask = 2147483647;
			files = (
				FC893289211BDF5300647657 /* XH_MultiFunction_DemoTests.m in Sources */,
			);
			runOnlyForDeploymentPostprocessing = 0;
		};
		FC89328B211BDF5300647657 /* Sources */ = {
			isa = PBXSourcesBuildPhase;
			buildActionMask = 2147483647;
			files = (
				FC893294211BDF5300647657 /* XH_MultiFunction_DemoUITests.m in Sources */,
			);
			runOnlyForDeploymentPostprocessing = 0;
		};
/* End PBXSourcesBuildPhase section */

/* Begin PBXTargetDependency section */
		FC893286211BDF5300647657 /* PBXTargetDependency */ = {
			isa = PBXTargetDependency;
			target = FC89326B211BDF5200647657 /* XH_MultiFunction_Demo */;
			targetProxy = FC893285211BDF5300647657 /* PBXContainerItemProxy */;
		};
		FC893291211BDF5300647657 /* PBXTargetDependency */ = {
			isa = PBXTargetDependency;
			target = FC89326B211BDF5200647657 /* XH_MultiFunction_Demo */;
			targetProxy = FC893290211BDF5300647657 /* PBXContainerItemProxy */;
		};
/* End PBXTargetDependency section */

/* Begin PBXVariantGroup section */
		FC893275211BDF5300647657 /* Main.storyboard */ = {
			isa = PBXVariantGroup;
			children = (
				FC893276211BDF5300647657 /* Base */,
			);
			name = Main.storyboard;
			sourceTree = "<group>";
		};
		FC89327A211BDF5300647657 /* LaunchScreen.storyboard */ = {
			isa = PBXVariantGroup;
			children = (
				FC89327B211BDF5300647657 /* Base */,
			);
			name = LaunchScreen.storyboard;
			sourceTree = "<group>";
		};
/* End PBXVariantGroup section */

/* Begin XCBuildConfiguration section */
		FC893296211BDF5300647657 /* Debug */ = {
			isa = XCBuildConfiguration;
			buildSettings = {
				ALWAYS_SEARCH_USER_PATHS = NO;
				CLANG_ANALYZER_NONNULL = YES;
				CLANG_ANALYZER_NUMBER_OBJECT_CONVERSION = YES_AGGRESSIVE;
				CLANG_CXX_LANGUAGE_STANDARD = "gnu++14";
				CLANG_CXX_LIBRARY = "libc++";
				CLANG_ENABLE_MODULES = YES;
				CLANG_ENABLE_OBJC_ARC = YES;
				CLANG_WARN_BLOCK_CAPTURE_AUTORELEASING = YES;
				CLANG_WARN_BOOL_CONVERSION = YES;
				CLANG_WARN_COMMA = YES;
				CLANG_WARN_CONSTANT_CONVERSION = YES;
				CLANG_WARN_DIRECT_OBJC_ISA_USAGE = YES_ERROR;
				CLANG_WARN_DOCUMENTATION_COMMENTS = YES;
				CLANG_WARN_EMPTY_BODY = YES;
				CLANG_WARN_ENUM_CONVERSION = YES;
				CLANG_WARN_INFINITE_RECURSION = YES;
				CLANG_WARN_INT_CONVERSION = YES;
				CLANG_WARN_NON_LITERAL_NULL_CONVERSION = YES;
				CLANG_WARN_OBJC_LITERAL_CONVERSION = YES;
				CLANG_WARN_OBJC_ROOT_CLASS = YES_ERROR;
				CLANG_WARN_RANGE_LOOP_ANALYSIS = YES;
				CLANG_WARN_STRICT_PROTOTYPES = YES;
				CLANG_WARN_SUSPICIOUS_MOVE = YES;
				CLANG_WARN_UNGUARDED_AVAILABILITY = YES_AGGRESSIVE;
				CLANG_WARN_UNREACHABLE_CODE = YES;
				CLANG_WARN__DUPLICATE_METHOD_MATCH = YES;
				CODE_SIGN_IDENTITY = "iPhone Developer";
				COPY_PHASE_STRIP = NO;
				DEBUG_INFORMATION_FORMAT = dwarf;
				ENABLE_STRICT_OBJC_MSGSEND = YES;
				ENABLE_TESTABILITY = YES;
				GCC_C_LANGUAGE_STANDARD = gnu11;
				GCC_DYNAMIC_NO_PIC = NO;
				GCC_NO_COMMON_BLOCKS = YES;
				GCC_OPTIMIZATION_LEVEL = 0;
				GCC_PREPROCESSOR_DEFINITIONS = (
					"DEBUG=1",
					"$(inherited)",
				);
				GCC_WARN_64_TO_32_BIT_CONVERSION = YES;
				GCC_WARN_ABOUT_RETURN_TYPE = YES_ERROR;
				GCC_WARN_UNDECLARED_SELECTOR = YES;
				GCC_WARN_UNINITIALIZED_AUTOS = YES_AGGRESSIVE;
				GCC_WARN_UNUSED_FUNCTION = YES;
				GCC_WARN_UNUSED_VARIABLE = YES;
				IPHONEOS_DEPLOYMENT_TARGET = 11.2;
				MTL_ENABLE_DEBUG_INFO = YES;
				ONLY_ACTIVE_ARCH = YES;
				SDKROOT = iphoneos;
			};
			name = Debug;
		};
		FC893297211BDF5300647657 /* Release */ = {
			isa = XCBuildConfiguration;
			buildSettings = {
				ALWAYS_SEARCH_USER_PATHS = NO;
				CLANG_ANALYZER_NONNULL = YES;
				CLANG_ANALYZER_NUMBER_OBJECT_CONVERSION = YES_AGGRESSIVE;
				CLANG_CXX_LANGUAGE_STANDARD = "gnu++14";
				CLANG_CXX_LIBRARY = "libc++";
				CLANG_ENABLE_MODULES = YES;
				CLANG_ENABLE_OBJC_ARC = YES;
				CLANG_WARN_BLOCK_CAPTURE_AUTORELEASING = YES;
				CLANG_WARN_BOOL_CONVERSION = YES;
				CLANG_WARN_COMMA = YES;
				CLANG_WARN_CONSTANT_CONVERSION = YES;
				CLANG_WARN_DIRECT_OBJC_ISA_USAGE = YES_ERROR;
				CLANG_WARN_DOCUMENTATION_COMMENTS = YES;
				CLANG_WARN_EMPTY_BODY = YES;
				CLANG_WARN_ENUM_CONVERSION = YES;
				CLANG_WARN_INFINITE_RECURSION = YES;
				CLANG_WARN_INT_CONVERSION = YES;
				CLANG_WARN_NON_LITERAL_NULL_CONVERSION = YES;
				CLANG_WARN_OBJC_LITERAL_CONVERSION = YES;
				CLANG_WARN_OBJC_ROOT_CLASS = YES_ERROR;
				CLANG_WARN_RANGE_LOOP_ANALYSIS = YES;
				CLANG_WARN_STRICT_PROTOTYPES = YES;
				CLANG_WARN_SUSPICIOUS_MOVE = YES;
				CLANG_WARN_UNGUARDED_AVAILABILITY = YES_AGGRESSIVE;
				CLANG_WARN_UNREACHABLE_CODE = YES;
				CLANG_WARN__DUPLICATE_METHOD_MATCH = YES;
				CODE_SIGN_IDENTITY = "iPhone Developer";
				COPY_PHASE_STRIP = NO;
				DEBUG_INFORMATION_FORMAT = "dwarf-with-dsym";
				ENABLE_NS_ASSERTIONS = NO;
				ENABLE_STRICT_OBJC_MSGSEND = YES;
				GCC_C_LANGUAGE_STANDARD = gnu11;
				GCC_NO_COMMON_BLOCKS = YES;
				GCC_WARN_64_TO_32_BIT_CONVERSION = YES;
				GCC_WARN_ABOUT_RETURN_TYPE = YES_ERROR;
				GCC_WARN_UNDECLARED_SELECTOR = YES;
				GCC_WARN_UNINITIALIZED_AUTOS = YES_AGGRESSIVE;
				GCC_WARN_UNUSED_FUNCTION = YES;
				GCC_WARN_UNUSED_VARIABLE = YES;
				IPHONEOS_DEPLOYMENT_TARGET = 11.2;
				MTL_ENABLE_DEBUG_INFO = NO;
				SDKROOT = iphoneos;
				VALIDATE_PRODUCT = YES;
			};
			name = Release;
		};
		FC893299211BDF5300647657 /* Debug */ = {
			isa = XCBuildConfiguration;
			baseConfigurationReference = 46C97B3AB8747B4ACCFA45A8 /* Pods-XH_MultiFunction_Demo.debug.xcconfig */;
			buildSettings = {
				ASSETCATALOG_COMPILER_APPICON_NAME = AppIcon;
				CODE_SIGN_STYLE = Automatic;
				GCC_PREFIX_HEADER = "$(SRCROOT)/XH_MultiFunction_Demo/Project/Utils（通用类）/Prefix/PrefixHeader.pch";
				INFOPLIST_FILE = XH_MultiFunction_Demo/Info.plist;
				IPHONEOS_DEPLOYMENT_TARGET = 8.0;
				LD_RUNPATH_SEARCH_PATHS = "$(inherited) @executable_path/Frameworks";
				PRODUCT_BUNDLE_IDENTIFIER = "MrYeL.XH-MultiFunction-Demo";
				PRODUCT_NAME = "$(TARGET_NAME)";
				TARGETED_DEVICE_FAMILY = "1,2";
			};
			name = Debug;
		};
		FC89329A211BDF5300647657 /* Release */ = {
			isa = XCBuildConfiguration;
			baseConfigurationReference = 5CC44D7C6B7BC251C405AB48 /* Pods-XH_MultiFunction_Demo.release.xcconfig */;
			buildSettings = {
				ASSETCATALOG_COMPILER_APPICON_NAME = AppIcon;
				CODE_SIGN_STYLE = Automatic;
				GCC_PREFIX_HEADER = "$(SRCROOT)/XH_MultiFunction_Demo/Project/Utils（通用类）/Prefix/PrefixHeader.pch";
				INFOPLIST_FILE = XH_MultiFunction_Demo/Info.plist;
				IPHONEOS_DEPLOYMENT_TARGET = 8.0;
				LD_RUNPATH_SEARCH_PATHS = "$(inherited) @executable_path/Frameworks";
				PRODUCT_BUNDLE_IDENTIFIER = "MrYeL.XH-MultiFunction-Demo";
				PRODUCT_NAME = "$(TARGET_NAME)";
				TARGETED_DEVICE_FAMILY = "1,2";
			};
			name = Release;
		};
		FC89329C211BDF5300647657 /* Debug */ = {
			isa = XCBuildConfiguration;
			buildSettings = {
				BUNDLE_LOADER = "$(TEST_HOST)";
				CODE_SIGN_STYLE = Automatic;
				INFOPLIST_FILE = XH_MultiFunction_DemoTests/Info.plist;
				LD_RUNPATH_SEARCH_PATHS = "$(inherited) @executable_path/Frameworks @loader_path/Frameworks";
				PRODUCT_BUNDLE_IDENTIFIER = "MrYeL.XH-MultiFunction-DemoTests";
				PRODUCT_NAME = "$(TARGET_NAME)";
				TARGETED_DEVICE_FAMILY = "1,2";
				TEST_HOST = "$(BUILT_PRODUCTS_DIR)/XH_MultiFunction_Demo.app/XH_MultiFunction_Demo";
			};
			name = Debug;
		};
		FC89329D211BDF5300647657 /* Release */ = {
			isa = XCBuildConfiguration;
			buildSettings = {
				BUNDLE_LOADER = "$(TEST_HOST)";
				CODE_SIGN_STYLE = Automatic;
				INFOPLIST_FILE = XH_MultiFunction_DemoTests/Info.plist;
				LD_RUNPATH_SEARCH_PATHS = "$(inherited) @executable_path/Frameworks @loader_path/Frameworks";
				PRODUCT_BUNDLE_IDENTIFIER = "MrYeL.XH-MultiFunction-DemoTests";
				PRODUCT_NAME = "$(TARGET_NAME)";
				TARGETED_DEVICE_FAMILY = "1,2";
				TEST_HOST = "$(BUILT_PRODUCTS_DIR)/XH_MultiFunction_Demo.app/XH_MultiFunction_Demo";
			};
			name = Release;
		};
		FC89329F211BDF5300647657 /* Debug */ = {
			isa = XCBuildConfiguration;
			buildSettings = {
				CODE_SIGN_STYLE = Automatic;
				INFOPLIST_FILE = XH_MultiFunction_DemoUITests/Info.plist;
				LD_RUNPATH_SEARCH_PATHS = "$(inherited) @executable_path/Frameworks @loader_path/Frameworks";
				PRODUCT_BUNDLE_IDENTIFIER = "MrYeL.XH-MultiFunction-DemoUITests";
				PRODUCT_NAME = "$(TARGET_NAME)";
				TARGETED_DEVICE_FAMILY = "1,2";
				TEST_TARGET_NAME = XH_MultiFunction_Demo;
			};
			name = Debug;
		};
		FC8932A0211BDF5300647657 /* Release */ = {
			isa = XCBuildConfiguration;
			buildSettings = {
				CODE_SIGN_STYLE = Automatic;
				INFOPLIST_FILE = XH_MultiFunction_DemoUITests/Info.plist;
				LD_RUNPATH_SEARCH_PATHS = "$(inherited) @executable_path/Frameworks @loader_path/Frameworks";
				PRODUCT_BUNDLE_IDENTIFIER = "MrYeL.XH-MultiFunction-DemoUITests";
				PRODUCT_NAME = "$(TARGET_NAME)";
				TARGETED_DEVICE_FAMILY = "1,2";
				TEST_TARGET_NAME = XH_MultiFunction_Demo;
			};
			name = Release;
		};
/* End XCBuildConfiguration section */

/* Begin XCConfigurationList section */
		FC893267211BDF5200647657 /* Build configuration list for PBXProject "XH_MultiFunction_Demo" */ = {
			isa = XCConfigurationList;
			buildConfigurations = (
				FC893296211BDF5300647657 /* Debug */,
				FC893297211BDF5300647657 /* Release */,
			);
			defaultConfigurationIsVisible = 0;
			defaultConfigurationName = Release;
		};
		FC893298211BDF5300647657 /* Build configuration list for PBXNativeTarget "XH_MultiFunction_Demo" */ = {
			isa = XCConfigurationList;
			buildConfigurations = (
				FC893299211BDF5300647657 /* Debug */,
				FC89329A211BDF5300647657 /* Release */,
			);
			defaultConfigurationIsVisible = 0;
			defaultConfigurationName = Release;
		};
		FC89329B211BDF5300647657 /* Build configuration list for PBXNativeTarget "XH_MultiFunction_DemoTests" */ = {
			isa = XCConfigurationList;
			buildConfigurations = (
				FC89329C211BDF5300647657 /* Debug */,
				FC89329D211BDF5300647657 /* Release */,
			);
			defaultConfigurationIsVisible = 0;
			defaultConfigurationName = Release;
		};
		FC89329E211BDF5300647657 /* Build configuration list for PBXNativeTarget "XH_MultiFunction_DemoUITests" */ = {
			isa = XCConfigurationList;
			buildConfigurations = (
				FC89329F211BDF5300647657 /* Debug */,
				FC8932A0211BDF5300647657 /* Release */,
			);
			defaultConfigurationIsVisible = 0;
			defaultConfigurationName = Release;
		};
/* End XCConfigurationList section */
	};
	rootObject = FC893264211BDF5200647657 /* Project object */;
}
