// !$*UTF8*$!
{
	archiveVersion = 1;
	classes = {
	};
	objectVersion = 48;
	objects = {

/* Begin PBXBuildFile section */
		D872A26B8CB9FA0B67C5B99F /* libPods-XH_MultiFunction_Demo.a in Frameworks */ = {isa = PBXBuildFile; fileRef = BE27AE2BBFCA22ADE871297A /* libPods-XH_MultiFunction_Demo.a */; };
		FC384952211D240C0063F13F /* AppBaseTableViewCell.m in Sources */ = {isa = PBXBuildFile; fileRef = FC384942211D240C0063F13F /* AppBaseTableViewCell.m */; };
		FC384953211D240C0063F13F /* AppBaseCustomSystemTableViewController.m in Sources */ = {isa = PBXBuildFile; fileRef = FC384945211D240C0063F13F /* AppBaseCustomSystemTableViewController.m */; };
		FC384954211D240C0063F13F /* AppBaseTableViewController.m in Sources */ = {isa = PBXBuildFile; fileRef = FC384947211D240C0063F13F /* AppBaseTableViewController.m */; };
		FC384955211D240C0063F13F /* AppBaseViewController.m in Sources */ = {isa = PBXBuildFile; fileRef = FC384949211D240C0063F13F /* AppBaseViewController.m */; };
		FC384957211D240C0063F13F /* AppBaseTableView.m in Sources */ = {isa = PBXBuildFile; fileRef = FC38494F211D240C0063F13F /* AppBaseTableView.m */; };
		FC384958211D240C0063F13F /* UITableView+Custom.m in Sources */ = {isa = PBXBuildFile; fileRef = FC384951211D240C0063F13F /* UITableView+Custom.m */; };
		FC38495B211D24880063F13F /* AppBaseTableViewDataModel.m in Sources */ = {isa = PBXBuildFile; fileRef = FC38495A211D24880063F13F /* AppBaseTableViewDataModel.m */; };
		FC384964211D25000063F13F /* NSObject+Extension.m in Sources */ = {isa = PBXBuildFile; fileRef = FC38495C211D24FF0063F13F /* NSObject+Extension.m */; };
		FC384965211D25000063F13F /* UIGestureRecognizer+BlocksKit.m in Sources */ = {isa = PBXBuildFile; fileRef = FC38495E211D25000063F13F /* UIGestureRecognizer+BlocksKit.m */; };
		FC384966211D25000063F13F /* UINavigationController+RoutePush.m in Sources */ = {isa = PBXBuildFile; fileRef = FC384961211D25000063F13F /* UINavigationController+RoutePush.m */; };
		FC384967211D25000063F13F /* UISearchBar+JCSearchBarPlaceholder.m in Sources */ = {isa = PBXBuildFile; fileRef = FC384963211D25000063F13F /* UISearchBar+JCSearchBarPlaceholder.m */; };
		FC38496C211D2D820063F13F /* Reachability.m in Sources */ = {isa = PBXBuildFile; fileRef = FC38496A211D2D820063F13F /* Reachability.m */; };
		FC38496D211D2D820063F13F /* README.md in Resources */ = {isa = PBXBuildFile; fileRef = FC38496B211D2D820063F13F /* README.md */; };
		FC384970211D6FBA0063F13F /* UIScrollView+Offset.m in Sources */ = {isa = PBXBuildFile; fileRef = FC38496E211D6FB90063F13F /* UIScrollView+Offset.m */; };
		FC384973211D716D0063F13F /* HomeFunctionListVC.m in Sources */ = {isa = PBXBuildFile; fileRef = FC384972211D716D0063F13F /* HomeFunctionListVC.m */; };
		FC384975211D821F0063F13F /* LaunchGuideImage_0.png in Resources */ = {isa = PBXBuildFile; fileRef = FC384974211D821E0063F13F /* LaunchGuideImage_0.png */; };
		FC893271211BDF5300647657 /* AppDelegate.m in Sources */ = {isa = PBXBuildFile; fileRef = FC893270211BDF5200647657 /* AppDelegate.m */; };
		FC893274211BDF5300647657 /* ViewController.m in Sources */ = {isa = PBXBuildFile; fileRef = FC893273211BDF5300647657 /* ViewController.m */; };
		FC893277211BDF5300647657 /* Main.storyboard in Resources */ = {isa = PBXBuildFile; fileRef = FC893275211BDF5300647657 /* Main.storyboard */; };
		FC893279211BDF5300647657 /* Assets.xcassets in Resources */ = {isa = PBXBuildFile; fileRef = FC893278211BDF5300647657 /* Assets.xcassets */; };
		FC89327C211BDF5300647657 /* LaunchScreen.storyboard in Resources */ = {isa = PBXBuildFile; fileRef = FC89327A211BDF5300647657 /* LaunchScreen.storyboard */; };
		FC89327F211BDF5300647657 /* main.m in Sources */ = {isa = PBXBuildFile; fileRef = FC89327E211BDF5300647657 /* main.m */; };
		FC893289211BDF5300647657 /* XH_MultiFunction_DemoTests.m in Sources */ = {isa = PBXBuildFile; fileRef = FC893288211BDF5300647657 /* XH_MultiFunction_DemoTests.m */; };
		FC893294211BDF5300647657 /* XH_MultiFunction_DemoUITests.m in Sources */ = {isa = PBXBuildFile; fileRef = FC893293211BDF5300647657 /* XH_MultiFunction_DemoUITests.m */; };
		FC8932B7211BE28F00647657 /* README.md in Resources */ = {isa = PBXBuildFile; fileRef = FC8932AC211BE28F00647657 /* README.md */; };
		FC8932B8211BE28F00647657 /* README.md in Resources */ = {isa = PBXBuildFile; fileRef = FC8932B4211BE28F00647657 /* README.md */; };
		FC8932C6211C063C00647657 /* AppBaseNavigationController.m in Sources */ = {isa = PBXBuildFile; fileRef = FC8932BD211C063C00647657 /* AppBaseNavigationController.m */; };
		FC8932C7211C063C00647657 /* AppBaseTabBarController.m in Sources */ = {isa = PBXBuildFile; fileRef = FC8932BF211C063C00647657 /* AppBaseTabBarController.m */; };
		FC8932CA211C063C00647657 /* AppMainViewController.m in Sources */ = {isa = PBXBuildFile; fileRef = FC8932C5211C063C00647657 /* AppMainViewController.m */; };
		FC8932CD211C0C9200647657 /* AppManager.m in Sources */ = {isa = PBXBuildFile; fileRef = FC8932CC211C0C9200647657 /* AppManager.m */; };
		FC8932D1211C0CE900647657 /* XHAdInfoModel.m in Sources */ = {isa = PBXBuildFile; fileRef = FC8932D0211C0CE900647657 /* XHAdInfoModel.m */; };
		FC8932D4211C0D2100647657 /* AppUserInfoModel.m in Sources */ = {isa = PBXBuildFile; fileRef = FC8932D3211C0D2100647657 /* AppUserInfoModel.m */; };
		FC8932D8211C0EC800647657 /* UIColor+additions.m in Sources */ = {isa = PBXBuildFile; fileRef = FC8932D7211C0EC800647657 /* UIColor+additions.m */; };
		FC8932DB211C15C600647657 /* ZWIntroductionViewController.m in Sources */ = {isa = PBXBuildFile; fileRef = FC8932D9211C15C600647657 /* ZWIntroductionViewController.m */; };
		FC8932DE211C170C00647657 /* XHAdViewController.m in Sources */ = {isa = PBXBuildFile; fileRef = FC8932DD211C170C00647657 /* XHAdViewController.m */; };
		FC8932E5211C2B7000647657 /* LoginVC.m in Sources */ = {isa = PBXBuildFile; fileRef = FC8932E4211C2B7000647657 /* LoginVC.m */; };
		FC8932E9211C341500647657 /* XHTools.m in Sources */ = {isa = PBXBuildFile; fileRef = FC8932E7211C341500647657 /* XHTools.m */; };
		FC8932ED211C410200647657 /* XHDrawer.m in Sources */ = {isa = PBXBuildFile; fileRef = FC8932EB211C410200647657 /* XHDrawer.m */; };
		FC8932F0211C411900647657 /* XHShowTimePicker.m in Sources */ = {isa = PBXBuildFile; fileRef = FC8932EE211C411900647657 /* XHShowTimePicker.m */; };
		FC8932F3211C416900647657 /* YHResetFrameButton.m in Sources */ = {isa = PBXBuildFile; fileRef = FC8932F2211C416900647657 /* YHResetFrameButton.m */; };
		FC8932F6211C434F00647657 /* NSArray+add.m in Sources */ = {isa = PBXBuildFile; fileRef = FC8932F5211C434F00647657 /* NSArray+add.m */; };
		FC8932F9211C479100647657 /* TouchID.m in Sources */ = {isa = PBXBuildFile; fileRef = FC8932F8211C479100647657 /* TouchID.m */; };
		FC8932FC211C47D900647657 /* UIView+Activity.m in Sources */ = {isa = PBXBuildFile; fileRef = FC8932FB211C47D900647657 /* UIView+Activity.m */; };
		FCF9903D212277EE007CDEA5 /* MBProgressHUD+XHAdd.m in Sources */ = {isa = PBXBuildFile; fileRef = FCF9903C212277EE007CDEA5 /* MBProgressHUD+XHAdd.m */; };
		FCF9904F2122A688007CDEA5 /* XHCarInwayDataDailyInfoModel.m in Sources */ = {isa = PBXBuildFile; fileRef = FCF990482122A688007CDEA5 /* XHCarInwayDataDailyInfoModel.m */; };
		FCF990502122A688007CDEA5 /* XHCarInWayDataTableView.m in Sources */ = {isa = PBXBuildFile; fileRef = FCF9904B2122A688007CDEA5 /* XHCarInWayDataTableView.m */; };
		FCF990512122A688007CDEA5 /* CustomDrawExampleTableViewController.m in Sources */ = {isa = PBXBuildFile; fileRef = FCF9904E2122A688007CDEA5 /* CustomDrawExampleTableViewController.m */; };
		FCF9905E2122B013007CDEA5 /* RecordManager.m in Sources */ = {isa = PBXBuildFile; fileRef = FCF990552122B012007CDEA5 /* RecordManager.m */; };
		FCF9905F2122B013007CDEA5 /* GridsView.m in Sources */ = {isa = PBXBuildFile; fileRef = FCF990582122B013007CDEA5 /* GridsView.m */; };
		FCF990602122B013007CDEA5 /* VolumeWaverView.m in Sources */ = {isa = PBXBuildFile; fileRef = FCF9905A2122B013007CDEA5 /* VolumeWaverView.m */; };
		FCF990612122B013007CDEA5 /* WaverExampleTableViewController.m in Sources */ = {isa = PBXBuildFile; fileRef = FCF9905D2122B013007CDEA5 /* WaverExampleTableViewController.m */; };
		FCF990682122B723007CDEA5 /* GuideTipDemoTableViewController.m in Sources */ = {isa = PBXBuildFile; fileRef = FCF990652122B723007CDEA5 /* GuideTipDemoTableViewController.m */; };
		FCF9906B2122B78A007CDEA5 /* XHGuideTipManager.m in Sources */ = {isa = PBXBuildFile; fileRef = FCF9906A2122B789007CDEA5 /* XHGuideTipManager.m */; };
		FCF990812122DD60007CDEA5 /* AppInfoManager.m in Sources */ = {isa = PBXBuildFile; fileRef = FCF9906F2122DD60007CDEA5 /* AppInfoManager.m */; };
		FCF990822122DD60007CDEA5 /* KeyChain.m in Sources */ = {isa = PBXBuildFile; fileRef = FCF990712122DD60007CDEA5 /* KeyChain.m */; };
		FCF990832122DD60007CDEA5 /* LogsInfoModel.m in Sources */ = {isa = PBXBuildFile; fileRef = FCF990732122DD60007CDEA5 /* LogsInfoModel.m */; };
		FCF990842122DD60007CDEA5 /* MyFileLogger.m in Sources */ = {isa = PBXBuildFile; fileRef = FCF990752122DD60007CDEA5 /* MyFileLogger.m */; };
		FCF990852122DD60007CDEA5 /* MyFileLoggerManagerDefault.m in Sources */ = {isa = PBXBuildFile; fileRef = FCF990772122DD60007CDEA5 /* MyFileLoggerManagerDefault.m */; };
		FCF990862122DD60007CDEA5 /* MyLog.m in Sources */ = {isa = PBXBuildFile; fileRef = FCF990792122DD60007CDEA5 /* MyLog.m */; };
		FCF990872122DD60007CDEA5 /* MyLogFromatter.m in Sources */ = {isa = PBXBuildFile; fileRef = FCF9907B2122DD60007CDEA5 /* MyLogFromatter.m */; };
		FCF990882122DD60007CDEA5 /* XHLogsManager.m in Sources */ = {isa = PBXBuildFile; fileRef = FCF9907D2122DD60007CDEA5 /* XHLogsManager.m */; };
		FCF990892122DD60007CDEA5 /* LogsExampleTableViewController.m in Sources */ = {isa = PBXBuildFile; fileRef = FCF990802122DD60007CDEA5 /* LogsExampleTableViewController.m */; };
/* End PBXBuildFile section */

/* Begin PBXContainerItemProxy section */
		FC893285211BDF5300647657 /* PBXContainerItemProxy */ = {
			isa = PBXContainerItemProxy;
			containerPortal = FC893264211BDF5200647657 /* Project object */;
			proxyType = 1;
			remoteGlobalIDString = FC89326B211BDF5200647657;
			remoteInfo = XH_MultiFunction_Demo;
		};
		FC893290211BDF5300647657 /* PBXContainerItemProxy */ = {
			isa = PBXContainerItemProxy;
			containerPortal = FC893264211BDF5200647657 /* Project object */;
			proxyType = 1;
			remoteGlobalIDString = FC89326B211BDF5200647657;
			remoteInfo = XH_MultiFunction_Demo;
		};
/* End PBXContainerItemProxy section */

/* Begin PBXFileReference section */
		46C97B3AB8747B4ACCFA45A8 /* Pods-XH_MultiFunction_Demo.debug.xcconfig */ = {isa = PBXFileReference; includeInIndex = 1; lastKnownFileType = text.xcconfig; name = "Pods-XH_MultiFunction_Demo.debug.xcconfig"; path = "Pods/Target Support Files/Pods-XH_MultiFunction_Demo/Pods-XH_MultiFunction_Demo.debug.xcconfig"; sourceTree = "<group>"; };
		5CC44D7C6B7BC251C405AB48 /* Pods-XH_MultiFunction_Demo.release.xcconfig */ = {isa = PBXFileReference; includeInIndex = 1; lastKnownFileType = text.xcconfig; name = "Pods-XH_MultiFunction_Demo.release.xcconfig"; path = "Pods/Target Support Files/Pods-XH_MultiFunction_Demo/Pods-XH_MultiFunction_Demo.release.xcconfig"; sourceTree = "<group>"; };
		BE27AE2BBFCA22ADE871297A /* libPods-XH_MultiFunction_Demo.a */ = {isa = PBXFileReference; explicitFileType = archive.ar; includeInIndex = 0; path = "libPods-XH_MultiFunction_Demo.a"; sourceTree = BUILT_PRODUCTS_DIR; };
		FC384941211D240C0063F13F /* AppBaseTableViewCell.h */ = {isa = PBXFileReference; fileEncoding = 4; lastKnownFileType = sourcecode.c.h; path = AppBaseTableViewCell.h; sourceTree = "<group>"; };
		FC384942211D240C0063F13F /* AppBaseTableViewCell.m */ = {isa = PBXFileReference; fileEncoding = 4; lastKnownFileType = sourcecode.c.objc; path = AppBaseTableViewCell.m; sourceTree = "<group>"; };
		FC384944211D240C0063F13F /* AppBaseCustomSystemTableViewController.h */ = {isa = PBXFileReference; fileEncoding = 4; lastKnownFileType = sourcecode.c.h; path = AppBaseCustomSystemTableViewController.h; sourceTree = "<group>"; };
		FC384945211D240C0063F13F /* AppBaseCustomSystemTableViewController.m */ = {isa = PBXFileReference; fileEncoding = 4; lastKnownFileType = sourcecode.c.objc; path = AppBaseCustomSystemTableViewController.m; sourceTree = "<group>"; };
		FC384946211D240C0063F13F /* AppBaseTableViewController.h */ = {isa = PBXFileReference; fileEncoding = 4; lastKnownFileType = sourcecode.c.h; path = AppBaseTableViewController.h; sourceTree = "<group>"; };
		FC384947211D240C0063F13F /* AppBaseTableViewController.m */ = {isa = PBXFileReference; fileEncoding = 4; lastKnownFileType = sourcecode.c.objc; path = AppBaseTableViewController.m; sourceTree = "<group>"; };
		FC384948211D240C0063F13F /* AppBaseViewController.h */ = {isa = PBXFileReference; fileEncoding = 4; lastKnownFileType = sourcecode.c.h; path = AppBaseViewController.h; sourceTree = "<group>"; };
		FC384949211D240C0063F13F /* AppBaseViewController.m */ = {isa = PBXFileReference; fileEncoding = 4; lastKnownFileType = sourcecode.c.objc; path = AppBaseViewController.m; sourceTree = "<group>"; };
		FC38494E211D240C0063F13F /* AppBaseTableView.h */ = {isa = PBXFileReference; fileEncoding = 4; lastKnownFileType = sourcecode.c.h; path = AppBaseTableView.h; sourceTree = "<group>"; };
		FC38494F211D240C0063F13F /* AppBaseTableView.m */ = {isa = PBXFileReference; fileEncoding = 4; lastKnownFileType = sourcecode.c.objc; path = AppBaseTableView.m; sourceTree = "<group>"; };
		FC384950211D240C0063F13F /* UITableView+Custom.h */ = {isa = PBXFileReference; fileEncoding = 4; lastKnownFileType = sourcecode.c.h; path = "UITableView+Custom.h"; sourceTree = "<group>"; };
		FC384951211D240C0063F13F /* UITableView+Custom.m */ = {isa = PBXFileReference; fileEncoding = 4; lastKnownFileType = sourcecode.c.objc; path = "UITableView+Custom.m"; sourceTree = "<group>"; };
		FC384959211D24880063F13F /* AppBaseTableViewDataModel.h */ = {isa = PBXFileReference; fileEncoding = 4; lastKnownFileType = sourcecode.c.h; path = AppBaseTableViewDataModel.h; sourceTree = "<group>"; };
		FC38495A211D24880063F13F /* AppBaseTableViewDataModel.m */ = {isa = PBXFileReference; fileEncoding = 4; lastKnownFileType = sourcecode.c.objc; path = AppBaseTableViewDataModel.m; sourceTree = "<group>"; };
		FC38495C211D24FF0063F13F /* NSObject+Extension.m */ = {isa = PBXFileReference; fileEncoding = 4; lastKnownFileType = sourcecode.c.objc; path = "NSObject+Extension.m"; sourceTree = "<group>"; };
		FC38495D211D25000063F13F /* NSObject+Extension.h */ = {isa = PBXFileReference; fileEncoding = 4; lastKnownFileType = sourcecode.c.h; path = "NSObject+Extension.h"; sourceTree = "<group>"; };
		FC38495E211D25000063F13F /* UIGestureRecognizer+BlocksKit.m */ = {isa = PBXFileReference; fileEncoding = 4; lastKnownFileType = sourcecode.c.objc; path = "UIGestureRecognizer+BlocksKit.m"; sourceTree = "<group>"; };
		FC38495F211D25000063F13F /* UIGestureRecognizer+BlocksKit.h */ = {isa = PBXFileReference; fileEncoding = 4; lastKnownFileType = sourcecode.c.h; path = "UIGestureRecognizer+BlocksKit.h"; sourceTree = "<group>"; };
		FC384960211D25000063F13F /* UINavigationController+RoutePush.h */ = {isa = PBXFileReference; fileEncoding = 4; lastKnownFileType = sourcecode.c.h; path = "UINavigationController+RoutePush.h"; sourceTree = "<group>"; };
		FC384961211D25000063F13F /* UINavigationController+RoutePush.m */ = {isa = PBXFileReference; fileEncoding = 4; lastKnownFileType = sourcecode.c.objc; path = "UINavigationController+RoutePush.m"; sourceTree = "<group>"; };
		FC384962211D25000063F13F /* UISearchBar+JCSearchBarPlaceholder.h */ = {isa = PBXFileReference; fileEncoding = 4; lastKnownFileType = sourcecode.c.h; path = "UISearchBar+JCSearchBarPlaceholder.h"; sourceTree = "<group>"; };
		FC384963211D25000063F13F /* UISearchBar+JCSearchBarPlaceholder.m */ = {isa = PBXFileReference; fileEncoding = 4; lastKnownFileType = sourcecode.c.objc; path = "UISearchBar+JCSearchBarPlaceholder.m"; sourceTree = "<group>"; };
		FC384969211D2D820063F13F /* Reachability.h */ = {isa = PBXFileReference; fileEncoding = 4; lastKnownFileType = sourcecode.c.h; path = Reachability.h; sourceTree = "<group>"; };
		FC38496A211D2D820063F13F /* Reachability.m */ = {isa = PBXFileReference; fileEncoding = 4; lastKnownFileType = sourcecode.c.objc; path = Reachability.m; sourceTree = "<group>"; };
		FC38496B211D2D820063F13F /* README.md */ = {isa = PBXFileReference; fileEncoding = 4; lastKnownFileType = net.daringfireball.markdown; path = README.md; sourceTree = "<group>"; };
		FC38496E211D6FB90063F13F /* UIScrollView+Offset.m */ = {isa = PBXFileReference; fileEncoding = 4; lastKnownFileType = sourcecode.c.objc; path = "UIScrollView+Offset.m"; sourceTree = "<group>"; };
		FC38496F211D6FBA0063F13F /* UIScrollView+Offset.h */ = {isa = PBXFileReference; fileEncoding = 4; lastKnownFileType = sourcecode.c.h; path = "UIScrollView+Offset.h"; sourceTree = "<group>"; };
		FC384971211D716D0063F13F /* HomeFunctionListVC.h */ = {isa = PBXFileReference; lastKnownFileType = sourcecode.c.h; path = HomeFunctionListVC.h; sourceTree = "<group>"; };
		FC384972211D716D0063F13F /* HomeFunctionListVC.m */ = {isa = PBXFileReference; lastKnownFileType = sourcecode.c.objc; path = HomeFunctionListVC.m; sourceTree = "<group>"; };
		FC384974211D821E0063F13F /* LaunchGuideImage_0.png */ = {isa = PBXFileReference; lastKnownFileType = image.png; path = LaunchGuideImage_0.png; sourceTree = "<group>"; };
		FC89326C211BDF5200647657 /* XH_MultiFunction_Demo.app */ = {isa = PBXFileReference; explicitFileType = wrapper.application; includeInIndex = 0; path = XH_MultiFunction_Demo.app; sourceTree = BUILT_PRODUCTS_DIR; };
		FC89326F211BDF5200647657 /* AppDelegate.h */ = {isa = PBXFileReference; lastKnownFileType = sourcecode.c.h; path = AppDelegate.h; sourceTree = "<group>"; };
		FC893270211BDF5200647657 /* AppDelegate.m */ = {isa = PBXFileReference; lastKnownFileType = sourcecode.c.objc; path = AppDelegate.m; sourceTree = "<group>"; };
		FC893272211BDF5300647657 /* ViewController.h */ = {isa = PBXFileReference; lastKnownFileType = sourcecode.c.h; path = ViewController.h; sourceTree = "<group>"; };
		FC893273211BDF5300647657 /* ViewController.m */ = {isa = PBXFileReference; lastKnownFileType = sourcecode.c.objc; path = ViewController.m; sourceTree = "<group>"; };
		FC893276211BDF5300647657 /* Base */ = {isa = PBXFileReference; lastKnownFileType = file.storyboard; name = Base; path = Base.lproj/Main.storyboard; sourceTree = "<group>"; };
		FC893278211BDF5300647657 /* Assets.xcassets */ = {isa = PBXFileReference; lastKnownFileType = folder.assetcatalog; path = Assets.xcassets; sourceTree = "<group>"; };
		FC89327B211BDF5300647657 /* Base */ = {isa = PBXFileReference; lastKnownFileType = file.storyboard; name = Base; path = Base.lproj/LaunchScreen.storyboard; sourceTree = "<group>"; };
		FC89327D211BDF5300647657 /* Info.plist */ = {isa = PBXFileReference; lastKnownFileType = text.plist.xml; path = Info.plist; sourceTree = "<group>"; };
		FC89327E211BDF5300647657 /* main.m */ = {isa = PBXFileReference; lastKnownFileType = sourcecode.c.objc; path = main.m; sourceTree = "<group>"; };
		FC893284211BDF5300647657 /* XH_MultiFunction_DemoTests.xctest */ = {isa = PBXFileReference; explicitFileType = wrapper.cfbundle; includeInIndex = 0; path = XH_MultiFunction_DemoTests.xctest; sourceTree = BUILT_PRODUCTS_DIR; };
		FC893288211BDF5300647657 /* XH_MultiFunction_DemoTests.m */ = {isa = PBXFileReference; lastKnownFileType = sourcecode.c.objc; path = XH_MultiFunction_DemoTests.m; sourceTree = "<group>"; };
		FC89328A211BDF5300647657 /* Info.plist */ = {isa = PBXFileReference; lastKnownFileType = text.plist.xml; path = Info.plist; sourceTree = "<group>"; };
		FC89328F211BDF5300647657 /* XH_MultiFunction_DemoUITests.xctest */ = {isa = PBXFileReference; explicitFileType = wrapper.cfbundle; includeInIndex = 0; path = XH_MultiFunction_DemoUITests.xctest; sourceTree = BUILT_PRODUCTS_DIR; };
		FC893293211BDF5300647657 /* XH_MultiFunction_DemoUITests.m */ = {isa = PBXFileReference; lastKnownFileType = sourcecode.c.objc; path = XH_MultiFunction_DemoUITests.m; sourceTree = "<group>"; };
		FC893295211BDF5300647657 /* Info.plist */ = {isa = PBXFileReference; lastKnownFileType = text.plist.xml; path = Info.plist; sourceTree = "<group>"; };
		FC8932AC211BE28F00647657 /* README.md */ = {isa = PBXFileReference; fileEncoding = 4; lastKnownFileType = net.daringfireball.markdown; path = README.md; sourceTree = "<group>"; };
		FC8932AF211BE28F00647657 /* App_Header_Define.h */ = {isa = PBXFileReference; fileEncoding = 4; lastKnownFileType = sourcecode.c.h; path = App_Header_Define.h; sourceTree = "<group>"; };
		FC8932B0211BE28F00647657 /* App_Header_Enum.h */ = {isa = PBXFileReference; fileEncoding = 4; lastKnownFileType = sourcecode.c.h; path = App_Header_Enum.h; sourceTree = "<group>"; };
		FC8932B1211BE28F00647657 /* App_Header_Import.h */ = {isa = PBXFileReference; fileEncoding = 4; lastKnownFileType = sourcecode.c.h; path = App_Header_Import.h; sourceTree = "<group>"; };
		FC8932B2211BE28F00647657 /* App_Header_KeyMap.h */ = {isa = PBXFileReference; fileEncoding = 4; lastKnownFileType = sourcecode.c.h; path = App_Header_KeyMap.h; sourceTree = "<group>"; };
		FC8932B3211BE28F00647657 /* PrefixHeader.pch */ = {isa = PBXFileReference; fileEncoding = 4; lastKnownFileType = sourcecode.c.h; path = PrefixHeader.pch; sourceTree = "<group>"; };
		FC8932B4211BE28F00647657 /* README.md */ = {isa = PBXFileReference; fileEncoding = 4; lastKnownFileType = net.daringfireball.markdown; path = README.md; sourceTree = "<group>"; };
		FC8932BC211C063C00647657 /* AppBaseNavigationController.h */ = {isa = PBXFileReference; fileEncoding = 4; lastKnownFileType = sourcecode.c.h; path = AppBaseNavigationController.h; sourceTree = "<group>"; };
		FC8932BD211C063C00647657 /* AppBaseNavigationController.m */ = {isa = PBXFileReference; fileEncoding = 4; lastKnownFileType = sourcecode.c.objc; path = AppBaseNavigationController.m; sourceTree = "<group>"; };
		FC8932BE211C063C00647657 /* AppBaseTabBarController.h */ = {isa = PBXFileReference; fileEncoding = 4; lastKnownFileType = sourcecode.c.h; path = AppBaseTabBarController.h; sourceTree = "<group>"; };
		FC8932BF211C063C00647657 /* AppBaseTabBarController.m */ = {isa = PBXFileReference; fileEncoding = 4; lastKnownFileType = sourcecode.c.objc; path = AppBaseTabBarController.m; sourceTree = "<group>"; };
		FC8932C4211C063C00647657 /* AppMainViewController.h */ = {isa = PBXFileReference; fileEncoding = 4; lastKnownFileType = sourcecode.c.h; path = AppMainViewController.h; sourceTree = "<group>"; };
		FC8932C5211C063C00647657 /* AppMainViewController.m */ = {isa = PBXFileReference; fileEncoding = 4; lastKnownFileType = sourcecode.c.objc; path = AppMainViewController.m; sourceTree = "<group>"; };
		FC8932CB211C0C9200647657 /* AppManager.h */ = {isa = PBXFileReference; fileEncoding = 4; lastKnownFileType = sourcecode.c.h; path = AppManager.h; sourceTree = "<group>"; };
		FC8932CC211C0C9200647657 /* AppManager.m */ = {isa = PBXFileReference; fileEncoding = 4; lastKnownFileType = sourcecode.c.objc; path = AppManager.m; sourceTree = "<group>"; };
		FC8932CF211C0CE900647657 /* XHAdInfoModel.h */ = {isa = PBXFileReference; fileEncoding = 4; lastKnownFileType = sourcecode.c.h; path = XHAdInfoModel.h; sourceTree = "<group>"; };
		FC8932D0211C0CE900647657 /* XHAdInfoModel.m */ = {isa = PBXFileReference; fileEncoding = 4; lastKnownFileType = sourcecode.c.objc; path = XHAdInfoModel.m; sourceTree = "<group>"; };
		FC8932D2211C0D2100647657 /* AppUserInfoModel.h */ = {isa = PBXFileReference; lastKnownFileType = sourcecode.c.h; path = AppUserInfoModel.h; sourceTree = "<group>"; };
		FC8932D3211C0D2100647657 /* AppUserInfoModel.m */ = {isa = PBXFileReference; lastKnownFileType = sourcecode.c.objc; path = AppUserInfoModel.m; sourceTree = "<group>"; };
		FC8932D6211C0EC800647657 /* UIColor+additions.h */ = {isa = PBXFileReference; fileEncoding = 4; lastKnownFileType = sourcecode.c.h; path = "UIColor+additions.h"; sourceTree = "<group>"; };
		FC8932D7211C0EC800647657 /* UIColor+additions.m */ = {isa = PBXFileReference; fileEncoding = 4; lastKnownFileType = sourcecode.c.objc; path = "UIColor+additions.m"; sourceTree = "<group>"; };
		FC8932D9211C15C600647657 /* ZWIntroductionViewController.m */ = {isa = PBXFileReference; fileEncoding = 4; lastKnownFileType = sourcecode.c.objc; path = ZWIntroductionViewController.m; sourceTree = "<group>"; };
		FC8932DA211C15C600647657 /* ZWIntroductionViewController.h */ = {isa = PBXFileReference; fileEncoding = 4; lastKnownFileType = sourcecode.c.h; path = ZWIntroductionViewController.h; sourceTree = "<group>"; };
		FC8932DC211C170C00647657 /* XHAdViewController.h */ = {isa = PBXFileReference; fileEncoding = 4; lastKnownFileType = sourcecode.c.h; path = XHAdViewController.h; sourceTree = "<group>"; };
		FC8932DD211C170C00647657 /* XHAdViewController.m */ = {isa = PBXFileReference; fileEncoding = 4; lastKnownFileType = sourcecode.c.objc; path = XHAdViewController.m; sourceTree = "<group>"; };
		FC8932E3211C2B7000647657 /* LoginVC.h */ = {isa = PBXFileReference; lastKnownFileType = sourcecode.c.h; path = LoginVC.h; sourceTree = "<group>"; };
		FC8932E4211C2B7000647657 /* LoginVC.m */ = {isa = PBXFileReference; lastKnownFileType = sourcecode.c.objc; path = LoginVC.m; sourceTree = "<group>"; };
		FC8932E7211C341500647657 /* XHTools.m */ = {isa = PBXFileReference; fileEncoding = 4; lastKnownFileType = sourcecode.c.objc; path = XHTools.m; sourceTree = "<group>"; };
		FC8932E8211C341500647657 /* XHTools.h */ = {isa = PBXFileReference; fileEncoding = 4; lastKnownFileType = sourcecode.c.h; path = XHTools.h; sourceTree = "<group>"; };
		FC8932EB211C410200647657 /* XHDrawer.m */ = {isa = PBXFileReference; fileEncoding = 4; lastKnownFileType = sourcecode.c.objc; path = XHDrawer.m; sourceTree = "<group>"; };
		FC8932EC211C410200647657 /* XHDrawer.h */ = {isa = PBXFileReference; fileEncoding = 4; lastKnownFileType = sourcecode.c.h; path = XHDrawer.h; sourceTree = "<group>"; };
		FC8932EE211C411900647657 /* XHShowTimePicker.m */ = {isa = PBXFileReference; fileEncoding = 4; lastKnownFileType = sourcecode.c.objc; path = XHShowTimePicker.m; sourceTree = "<group>"; };
		FC8932EF211C411900647657 /* XHShowTimePicker.h */ = {isa = PBXFileReference; fileEncoding = 4; lastKnownFileType = sourcecode.c.h; path = XHShowTimePicker.h; sourceTree = "<group>"; };
		FC8932F1211C416900647657 /* YHResetFrameButton.h */ = {isa = PBXFileReference; fileEncoding = 4; lastKnownFileType = sourcecode.c.h; path = YHResetFrameButton.h; sourceTree = "<group>"; };
		FC8932F2211C416900647657 /* YHResetFrameButton.m */ = {isa = PBXFileReference; fileEncoding = 4; lastKnownFileType = sourcecode.c.objc; path = YHResetFrameButton.m; sourceTree = "<group>"; };
		FC8932F4211C434F00647657 /* NSArray+add.h */ = {isa = PBXFileReference; lastKnownFileType = sourcecode.c.h; path = "NSArray+add.h"; sourceTree = "<group>"; };
		FC8932F5211C434F00647657 /* NSArray+add.m */ = {isa = PBXFileReference; lastKnownFileType = sourcecode.c.objc; path = "NSArray+add.m"; sourceTree = "<group>"; };
		FC8932F7211C479000647657 /* TouchID.h */ = {isa = PBXFileReference; fileEncoding = 4; lastKnownFileType = sourcecode.c.h; path = TouchID.h; sourceTree = "<group>"; };
		FC8932F8211C479100647657 /* TouchID.m */ = {isa = PBXFileReference; fileEncoding = 4; lastKnownFileType = sourcecode.c.objc; path = TouchID.m; sourceTree = "<group>"; };
		FC8932FA211C47D900647657 /* UIView+Activity.h */ = {isa = PBXFileReference; fileEncoding = 4; lastKnownFileType = sourcecode.c.h; path = "UIView+Activity.h"; sourceTree = "<group>"; };
		FC8932FB211C47D900647657 /* UIView+Activity.m */ = {isa = PBXFileReference; fileEncoding = 4; lastKnownFileType = sourcecode.c.objc; path = "UIView+Activity.m"; sourceTree = "<group>"; };
		FCF9903B212277EE007CDEA5 /* MBProgressHUD+XHAdd.h */ = {isa = PBXFileReference; lastKnownFileType = sourcecode.c.h; path = "MBProgressHUD+XHAdd.h"; sourceTree = "<group>"; };
		FCF9903C212277EE007CDEA5 /* MBProgressHUD+XHAdd.m */ = {isa = PBXFileReference; lastKnownFileType = sourcecode.c.objc; path = "MBProgressHUD+XHAdd.m"; sourceTree = "<group>"; };
		FCF990472122A688007CDEA5 /* XHCarInwayDataDailyInfoModel.h */ = {isa = PBXFileReference; fileEncoding = 4; lastKnownFileType = sourcecode.c.h; path = XHCarInwayDataDailyInfoModel.h; sourceTree = "<group>"; };
		FCF990482122A688007CDEA5 /* XHCarInwayDataDailyInfoModel.m */ = {isa = PBXFileReference; fileEncoding = 4; lastKnownFileType = sourcecode.c.objc; path = XHCarInwayDataDailyInfoModel.m; sourceTree = "<group>"; };
		FCF9904A2122A688007CDEA5 /* XHCarInWayDataTableView.h */ = {isa = PBXFileReference; fileEncoding = 4; lastKnownFileType = sourcecode.c.h; path = XHCarInWayDataTableView.h; sourceTree = "<group>"; };
		FCF9904B2122A688007CDEA5 /* XHCarInWayDataTableView.m */ = {isa = PBXFileReference; fileEncoding = 4; lastKnownFileType = sourcecode.c.objc; path = XHCarInWayDataTableView.m; sourceTree = "<group>"; };
		FCF9904D2122A688007CDEA5 /* CustomDrawExampleTableViewController.h */ = {isa = PBXFileReference; fileEncoding = 4; lastKnownFileType = sourcecode.c.h; path = CustomDrawExampleTableViewController.h; sourceTree = "<group>"; };
		FCF9904E2122A688007CDEA5 /* CustomDrawExampleTableViewController.m */ = {isa = PBXFileReference; fileEncoding = 4; lastKnownFileType = sourcecode.c.objc; path = CustomDrawExampleTableViewController.m; sourceTree = "<group>"; };
		FCF990542122B012007CDEA5 /* RecordManager.h */ = {isa = PBXFileReference; fileEncoding = 4; lastKnownFileType = sourcecode.c.h; path = RecordManager.h; sourceTree = "<group>"; };
		FCF990552122B012007CDEA5 /* RecordManager.m */ = {isa = PBXFileReference; fileEncoding = 4; lastKnownFileType = sourcecode.c.objc; path = RecordManager.m; sourceTree = "<group>"; };
		FCF990572122B013007CDEA5 /* GridsView.h */ = {isa = PBXFileReference; fileEncoding = 4; lastKnownFileType = sourcecode.c.h; path = GridsView.h; sourceTree = "<group>"; };
		FCF990582122B013007CDEA5 /* GridsView.m */ = {isa = PBXFileReference; fileEncoding = 4; lastKnownFileType = sourcecode.c.objc; path = GridsView.m; sourceTree = "<group>"; };
		FCF990592122B013007CDEA5 /* VolumeWaverView.h */ = {isa = PBXFileReference; fileEncoding = 4; lastKnownFileType = sourcecode.c.h; path = VolumeWaverView.h; sourceTree = "<group>"; };
		FCF9905A2122B013007CDEA5 /* VolumeWaverView.m */ = {isa = PBXFileReference; fileEncoding = 4; lastKnownFileType = sourcecode.c.objc; path = VolumeWaverView.m; sourceTree = "<group>"; };
		FCF9905C2122B013007CDEA5 /* WaverExampleTableViewController.h */ = {isa = PBXFileReference; fileEncoding = 4; lastKnownFileType = sourcecode.c.h; path = WaverExampleTableViewController.h; sourceTree = "<group>"; };
		FCF9905D2122B013007CDEA5 /* WaverExampleTableViewController.m */ = {isa = PBXFileReference; fileEncoding = 4; lastKnownFileType = sourcecode.c.objc; path = WaverExampleTableViewController.m; sourceTree = "<group>"; };
		FCF990642122B723007CDEA5 /* GuideTipDemoTableViewController.h */ = {isa = PBXFileReference; fileEncoding = 4; lastKnownFileType = sourcecode.c.h; path = GuideTipDemoTableViewController.h; sourceTree = "<group>"; };
		FCF990652122B723007CDEA5 /* GuideTipDemoTableViewController.m */ = {isa = PBXFileReference; fileEncoding = 4; lastKnownFileType = sourcecode.c.objc; path = GuideTipDemoTableViewController.m; sourceTree = "<group>"; };
		FCF990692122B789007CDEA5 /* XHGuideTipManager.h */ = {isa = PBXFileReference; fileEncoding = 4; lastKnownFileType = sourcecode.c.h; path = XHGuideTipManager.h; sourceTree = "<group>"; };
		FCF9906A2122B789007CDEA5 /* XHGuideTipManager.m */ = {isa = PBXFileReference; fileEncoding = 4; lastKnownFileType = sourcecode.c.objc; path = XHGuideTipManager.m; sourceTree = "<group>"; };
		FCF9906E2122DD60007CDEA5 /* AppInfoManager.h */ = {isa = PBXFileReference; fileEncoding = 4; lastKnownFileType = sourcecode.c.h; path = AppInfoManager.h; sourceTree = "<group>"; };
		FCF9906F2122DD60007CDEA5 /* AppInfoManager.m */ = {isa = PBXFileReference; fileEncoding = 4; lastKnownFileType = sourcecode.c.objc; path = AppInfoManager.m; sourceTree = "<group>"; };
		FCF990702122DD60007CDEA5 /* KeyChain.h */ = {isa = PBXFileReference; fileEncoding = 4; lastKnownFileType = sourcecode.c.h; path = KeyChain.h; sourceTree = "<group>"; };
		FCF990712122DD60007CDEA5 /* KeyChain.m */ = {isa = PBXFileReference; fileEncoding = 4; lastKnownFileType = sourcecode.c.objc; path = KeyChain.m; sourceTree = "<group>"; };
		FCF990722122DD60007CDEA5 /* LogsInfoModel.h */ = {isa = PBXFileReference; fileEncoding = 4; lastKnownFileType = sourcecode.c.h; path = LogsInfoModel.h; sourceTree = "<group>"; };
		FCF990732122DD60007CDEA5 /* LogsInfoModel.m */ = {isa = PBXFileReference; fileEncoding = 4; lastKnownFileType = sourcecode.c.objc; path = LogsInfoModel.m; sourceTree = "<group>"; };
		FCF990742122DD60007CDEA5 /* MyFileLogger.h */ = {isa = PBXFileReference; fileEncoding = 4; lastKnownFileType = sourcecode.c.h; path = MyFileLogger.h; sourceTree = "<group>"; };
		FCF990752122DD60007CDEA5 /* MyFileLogger.m */ = {isa = PBXFileReference; fileEncoding = 4; lastKnownFileType = sourcecode.c.objc; path = MyFileLogger.m; sourceTree = "<group>"; };
		FCF990762122DD60007CDEA5 /* MyFileLoggerManagerDefault.h */ = {isa = PBXFileReference; fileEncoding = 4; lastKnownFileType = sourcecode.c.h; path = MyFileLoggerManagerDefault.h; sourceTree = "<group>"; };
		FCF990772122DD60007CDEA5 /* MyFileLoggerManagerDefault.m */ = {isa = PBXFileReference; fileEncoding = 4; lastKnownFileType = sourcecode.c.objc; path = MyFileLoggerManagerDefault.m; sourceTree = "<group>"; };
		FCF990782122DD60007CDEA5 /* MyLog.h */ = {isa = PBXFileReference; fileEncoding = 4; lastKnownFileType = sourcecode.c.h; path = MyLog.h; sourceTree = "<group>"; };
		FCF990792122DD60007CDEA5 /* MyLog.m */ = {isa = PBXFileReference; fileEncoding = 4; lastKnownFileType = sourcecode.c.objc; path = MyLog.m; sourceTree = "<group>"; };
		FCF9907A2122DD60007CDEA5 /* MyLogFromatter.h */ = {isa = PBXFileReference; fileEncoding = 4; lastKnownFileType = sourcecode.c.h; path = MyLogFromatter.h; sourceTree = "<group>"; };
		FCF9907B2122DD60007CDEA5 /* MyLogFromatter.m */ = {isa = PBXFileReference; fileEncoding = 4; lastKnownFileType = sourcecode.c.objc; path = MyLogFromatter.m; sourceTree = "<group>"; };
		FCF9907C2122DD60007CDEA5 /* XHLogsManager.h */ = {isa = PBXFileReference; fileEncoding = 4; lastKnownFileType = sourcecode.c.h; path = XHLogsManager.h; sourceTree = "<group>"; };
		FCF9907D2122DD60007CDEA5 /* XHLogsManager.m */ = {isa = PBXFileReference; fileEncoding = 4; lastKnownFileType = sourcecode.c.objc; path = XHLogsManager.m; sourceTree = "<group>"; };
		FCF9907F2122DD60007CDEA5 /* LogsExampleTableViewController.h */ = {isa = PBXFileReference; fileEncoding = 4; lastKnownFileType = sourcecode.c.h; path = LogsExampleTableViewController.h; sourceTree = "<group>"; };
		FCF990802122DD60007CDEA5 /* LogsExampleTableViewController.m */ = {isa = PBXFileReference; fileEncoding = 4; lastKnownFileType = sourcecode.c.objc; path = LogsExampleTableViewController.m; sourceTree = "<group>"; };
		FCF9908B2122DD9A007CDEA5 /* Logs_PchConfig.h */ = {isa = PBXFileReference; lastKnownFileType = sourcecode.c.h; path = Logs_PchConfig.h; sourceTree = "<group>"; };
/* End PBXFileReference section */

/* Begin PBXFrameworksBuildPhase section */
		FC893269211BDF5200647657 /* Frameworks */ = {
			isa = PBXFrameworksBuildPhase;
			buildActionMask = 2147483647;
			files = (
				D872A26B8CB9FA0B67C5B99F /* libPods-XH_MultiFunction_Demo.a in Frameworks */,
			);
			runOnlyForDeploymentPostprocessing = 0;
		};
		FC893281211BDF5300647657 /* Frameworks */ = {
			isa = PBXFrameworksBuildPhase;
			buildActionMask = 2147483647;
			files = (
			);
			runOnlyForDeploymentPostprocessing = 0;
		};
		FC89328C211BDF5300647657 /* Frameworks */ = {
			isa = PBXFrameworksBuildPhase;
			buildActionMask = 2147483647;
			files = (
			);
			runOnlyForDeploymentPostprocessing = 0;
		};
/* End PBXFrameworksBuildPhase section */

/* Begin PBXGroup section */
		1F04AC682B4BE0CB188E1FBB /* Pods */ = {
			isa = PBXGroup;
			children = (
				46C97B3AB8747B4ACCFA45A8 /* Pods-XH_MultiFunction_Demo.debug.xcconfig */,
				5CC44D7C6B7BC251C405AB48 /* Pods-XH_MultiFunction_Demo.release.xcconfig */,
			);
			name = Pods;
			sourceTree = "<group>";
		};
		AB71B679DD58B2CB0AA51747 /* Frameworks */ = {
			isa = PBXGroup;
			children = (
				BE27AE2BBFCA22ADE871297A /* libPods-XH_MultiFunction_Demo.a */,
			);
			name = Frameworks;
			sourceTree = "<group>";
		};
		FC38493A211D23240063F13F /* Index */ = {
			isa = PBXGroup;
			children = (
				FC38493D211D234E0063F13F /* Models */,
				FC38493C211D23490063F13F /* Views */,
				FC38493B211D233C0063F13F /* Controllers */,
			);
			path = Index;
			sourceTree = "<group>";
		};
		FC38493B211D233C0063F13F /* Controllers */ = {
			isa = PBXGroup;
			children = (
				FC384971211D716D0063F13F /* HomeFunctionListVC.h */,
				FC384972211D716D0063F13F /* HomeFunctionListVC.m */,
			);
			path = Controllers;
			sourceTree = "<group>";
		};
		FC38493C211D23490063F13F /* Views */ = {
			isa = PBXGroup;
			children = (
			);
			path = Views;
			sourceTree = "<group>";
		};
		FC38493D211D234E0063F13F /* Models */ = {
			isa = PBXGroup;
			children = (
			);
			path = Models;
			sourceTree = "<group>";
		};
		FC38493E211D240C0063F13F /* Controller */ = {
			isa = PBXGroup;
			children = (
				FC38493F211D240C0063F13F /* Bases */,
			);
			path = Controller;
			sourceTree = "<group>";
		};
		FC38493F211D240C0063F13F /* Bases */ = {
			isa = PBXGroup;
			children = (
				FC384940211D240C0063F13F /* Cells */,
				FC384943211D240C0063F13F /* Controllers */,
				FC38494A211D240C0063F13F /* Models */,
				FC38494D211D240C0063F13F /* Views */,
			);
			path = Bases;
			sourceTree = "<group>";
		};
		FC384940211D240C0063F13F /* Cells */ = {
			isa = PBXGroup;
			children = (
				FC384941211D240C0063F13F /* AppBaseTableViewCell.h */,
				FC384942211D240C0063F13F /* AppBaseTableViewCell.m */,
			);
			path = Cells;
			sourceTree = "<group>";
		};
		FC384943211D240C0063F13F /* Controllers */ = {
			isa = PBXGroup;
			children = (
				FC384944211D240C0063F13F /* AppBaseCustomSystemTableViewController.h */,
				FC384945211D240C0063F13F /* AppBaseCustomSystemTableViewController.m */,
				FC384946211D240C0063F13F /* AppBaseTableViewController.h */,
				FC384947211D240C0063F13F /* AppBaseTableViewController.m */,
				FC384948211D240C0063F13F /* AppBaseViewController.h */,
				FC384949211D240C0063F13F /* AppBaseViewController.m */,
			);
			path = Controllers;
			sourceTree = "<group>";
		};
		FC38494A211D240C0063F13F /* Models */ = {
			isa = PBXGroup;
			children = (
				FC384959211D24880063F13F /* AppBaseTableViewDataModel.h */,
				FC38495A211D24880063F13F /* AppBaseTableViewDataModel.m */,
			);
			path = Models;
			sourceTree = "<group>";
		};
		FC38494D211D240C0063F13F /* Views */ = {
			isa = PBXGroup;
			children = (
				FC38494E211D240C0063F13F /* AppBaseTableView.h */,
				FC38494F211D240C0063F13F /* AppBaseTableView.m */,
				FC384950211D240C0063F13F /* UITableView+Custom.h */,
				FC384951211D240C0063F13F /* UITableView+Custom.m */,
			);
			path = Views;
			sourceTree = "<group>";
		};
		FC384968211D2D820063F13F /* ThirdFramework（三方库） */ = {
			isa = PBXGroup;
			children = (
				FC384969211D2D820063F13F /* Reachability.h */,
				FC38496A211D2D820063F13F /* Reachability.m */,
				FC38496B211D2D820063F13F /* README.md */,
			);
			path = "ThirdFramework（三方库）";
			sourceTree = "<group>";
		};
		FC893263211BDF5200647657 = {
			isa = PBXGroup;
			children = (
				FC89326E211BDF5200647657 /* XH_MultiFunction_Demo */,
				FC893287211BDF5300647657 /* XH_MultiFunction_DemoTests */,
				FC893292211BDF5300647657 /* XH_MultiFunction_DemoUITests */,
				FC89326D211BDF5200647657 /* Products */,
				1F04AC682B4BE0CB188E1FBB /* Pods */,
				AB71B679DD58B2CB0AA51747 /* Frameworks */,
			);
			sourceTree = "<group>";
		};
		FC89326D211BDF5200647657 /* Products */ = {
			isa = PBXGroup;
			children = (
				FC89326C211BDF5200647657 /* XH_MultiFunction_Demo.app */,
				FC893284211BDF5300647657 /* XH_MultiFunction_DemoTests.xctest */,
				FC89328F211BDF5300647657 /* XH_MultiFunction_DemoUITests.xctest */,
			);
			name = Products;
			sourceTree = "<group>";
		};
		FC89326E211BDF5200647657 /* XH_MultiFunction_Demo */ = {
			isa = PBXGroup;
			children = (
				FC8932A4211BE28F00647657 /* Project */,
				FC8932A3211BDFF300647657 /* Application */,
			);
			path = XH_MultiFunction_Demo;
			sourceTree = "<group>";
		};
		FC893287211BDF5300647657 /* XH_MultiFunction_DemoTests */ = {
			isa = PBXGroup;
			children = (
				FC893288211BDF5300647657 /* XH_MultiFunction_DemoTests.m */,
				FC89328A211BDF5300647657 /* Info.plist */,
			);
			path = XH_MultiFunction_DemoTests;
			sourceTree = "<group>";
		};
		FC893292211BDF5300647657 /* XH_MultiFunction_DemoUITests */ = {
			isa = PBXGroup;
			children = (
				FC893293211BDF5300647657 /* XH_MultiFunction_DemoUITests.m */,
				FC893295211BDF5300647657 /* Info.plist */,
			);
			path = XH_MultiFunction_DemoUITests;
			sourceTree = "<group>";
		};
		FC8932A3211BDFF300647657 /* Application */ = {
			isa = PBXGroup;
			children = (
				FC89326F211BDF5200647657 /* AppDelegate.h */,
				FC893270211BDF5200647657 /* AppDelegate.m */,
				FC893272211BDF5300647657 /* ViewController.h */,
				FC893273211BDF5300647657 /* ViewController.m */,
				FC893275211BDF5300647657 /* Main.storyboard */,
				FC893278211BDF5300647657 /* Assets.xcassets */,
				FC89327A211BDF5300647657 /* LaunchScreen.storyboard */,
				FC89327D211BDF5300647657 /* Info.plist */,
				FC89327E211BDF5300647657 /* main.m */,
			);
			name = Application;
			sourceTree = "<group>";
		};
		FC8932A4211BE28F00647657 /* Project */ = {
			isa = PBXGroup;
			children = (
				FC384968211D2D820063F13F /* ThirdFramework（三方库） */,
				FC8932A5211BE28F00647657 /* Classes（主项目类） */,
				FC8932AB211BE28F00647657 /* Resources（资源文件） */,
				FC8932AD211BE28F00647657 /* Utils（通用类） */,
			);
			path = Project;
			sourceTree = "<group>";
		};
		FC8932A5211BE28F00647657 /* Classes（主项目类） */ = {
			isa = PBXGroup;
			children = (
				FC8932BA211C063C00647657 /* Main（主框架） */,
				FC8932A6211BE28F00647657 /* Home（首页） */,
			);
			path = "Classes（主项目类）";
			sourceTree = "<group>";
		};
		FC8932A6211BE28F00647657 /* Home（首页） */ = {
			isa = PBXGroup;
			children = (
				FCF9906C2122DA7D007CDEA5 /* 3.日志记录（Logs_CocoaLumberjack_Demo） */,
				FCF990622122B664007CDEA5 /* 2.操作引导（ControllerGuideTip_Demo） */,
				FCF990522122AFF0007CDEA5 /* 1.音频波形图(VoiceWaver) */,
				FCF990442122A5C9007CDEA5 /* 0.自定义表格绘制（CustomDrawTable_Demo） */,
				FC38493A211D23240063F13F /* Index */,
			);
			path = "Home（首页）";
			sourceTree = "<group>";
		};
		FC8932AB211BE28F00647657 /* Resources（资源文件） */ = {
			isa = PBXGroup;
			children = (
				FC384974211D821E0063F13F /* LaunchGuideImage_0.png */,
				FC8932AC211BE28F00647657 /* README.md */,
			);
			path = "Resources（资源文件）";
			sourceTree = "<group>";
		};
		FC8932AD211BE28F00647657 /* Utils（通用类） */ = {
			isa = PBXGroup;
			children = (
				FC8932B4211BE28F00647657 /* README.md */,
				FC8932AE211BE28F00647657 /* Prefix */,
				FC8932B5211BE28F00647657 /* XHTools */,
			);
			path = "Utils（通用类）";
			sourceTree = "<group>";
		};
		FC8932AE211BE28F00647657 /* Prefix */ = {
			isa = PBXGroup;
			children = (
				FC8932AF211BE28F00647657 /* App_Header_Define.h */,
				FC8932B0211BE28F00647657 /* App_Header_Enum.h */,
				FC8932B1211BE28F00647657 /* App_Header_Import.h */,
				FC8932B2211BE28F00647657 /* App_Header_KeyMap.h */,
				FC8932B3211BE28F00647657 /* PrefixHeader.pch */,
			);
			path = Prefix;
			sourceTree = "<group>";
		};
		FC8932B5211BE28F00647657 /* XHTools */ = {
			isa = PBXGroup;
			children = (
				FC38493E211D240C0063F13F /* Controller */,
				FC8932EA211C40A000647657 /* XHView */,
				FC8932E6211C33F600647657 /* NSObject */,
				FC8932D5211C0EAC00647657 /* Category */,
				FC8932B9211C040C00647657 /* Manager */,
			);
			path = XHTools;
			sourceTree = "<group>";
		};
		FC8932B9211C040C00647657 /* Manager */ = {
			isa = PBXGroup;
			children = (
				FC8932F7211C479000647657 /* TouchID.h */,
				FC8932F8211C479100647657 /* TouchID.m */,
				FC8932CB211C0C9200647657 /* AppManager.h */,
				FC8932CC211C0C9200647657 /* AppManager.m */,
			);
			path = Manager;
			sourceTree = "<group>";
		};
		FC8932BA211C063C00647657 /* Main（主框架） */ = {
			isa = PBXGroup;
			children = (
				FC8932E2211C2A7300647657 /* Login */,
				FC8932E1211C1FE500647657 /* Guide */,
				FC8932E0211C1FDE00647657 /* Ad */,
				FC8932DF211C1FD600647657 /* Base */,
				FC8932CE211C0CAD00647657 /* Models */,
				FC8932BB211C063C00647657 /* Controllers */,
			);
			path = "Main（主框架）";
			sourceTree = "<group>";
		};
		FC8932BB211C063C00647657 /* Controllers */ = {
			isa = PBXGroup;
			children = (
				FC8932C4211C063C00647657 /* AppMainViewController.h */,
				FC8932C5211C063C00647657 /* AppMainViewController.m */,
			);
			path = Controllers;
			sourceTree = "<group>";
		};
		FC8932CE211C0CAD00647657 /* Models */ = {
			isa = PBXGroup;
			children = (
				FC8932CF211C0CE900647657 /* XHAdInfoModel.h */,
				FC8932D0211C0CE900647657 /* XHAdInfoModel.m */,
				FC8932D2211C0D2100647657 /* AppUserInfoModel.h */,
				FC8932D3211C0D2100647657 /* AppUserInfoModel.m */,
			);
			path = Models;
			sourceTree = "<group>";
		};
		FC8932D5211C0EAC00647657 /* Category */ = {
			isa = PBXGroup;
			children = (
				FC38496F211D6FBA0063F13F /* UIScrollView+Offset.h */,
				FC38496E211D6FB90063F13F /* UIScrollView+Offset.m */,
				FC38495D211D25000063F13F /* NSObject+Extension.h */,
				FC38495C211D24FF0063F13F /* NSObject+Extension.m */,
				FC38495F211D25000063F13F /* UIGestureRecognizer+BlocksKit.h */,
				FC38495E211D25000063F13F /* UIGestureRecognizer+BlocksKit.m */,
				FC384960211D25000063F13F /* UINavigationController+RoutePush.h */,
				FC384961211D25000063F13F /* UINavigationController+RoutePush.m */,
				FC384962211D25000063F13F /* UISearchBar+JCSearchBarPlaceholder.h */,
				FC384963211D25000063F13F /* UISearchBar+JCSearchBarPlaceholder.m */,
				FC8932FA211C47D900647657 /* UIView+Activity.h */,
				FC8932FB211C47D900647657 /* UIView+Activity.m */,
				FC8932D6211C0EC800647657 /* UIColor+additions.h */,
				FC8932D7211C0EC800647657 /* UIColor+additions.m */,
				FC8932F4211C434F00647657 /* NSArray+add.h */,
				FC8932F5211C434F00647657 /* NSArray+add.m */,
				FCF9903B212277EE007CDEA5 /* MBProgressHUD+XHAdd.h */,
				FCF9903C212277EE007CDEA5 /* MBProgressHUD+XHAdd.m */,
			);
			path = Category;
			sourceTree = "<group>";
		};
		FC8932DF211C1FD600647657 /* Base */ = {
			isa = PBXGroup;
			children = (
				FC8932BC211C063C00647657 /* AppBaseNavigationController.h */,
				FC8932BD211C063C00647657 /* AppBaseNavigationController.m */,
				FC8932BE211C063C00647657 /* AppBaseTabBarController.h */,
				FC8932BF211C063C00647657 /* AppBaseTabBarController.m */,
			);
			path = Base;
			sourceTree = "<group>";
		};
		FC8932E0211C1FDE00647657 /* Ad */ = {
			isa = PBXGroup;
			children = (
				FC8932DC211C170C00647657 /* XHAdViewController.h */,
				FC8932DD211C170C00647657 /* XHAdViewController.m */,
			);
			path = Ad;
			sourceTree = "<group>";
		};
		FC8932E1211C1FE500647657 /* Guide */ = {
			isa = PBXGroup;
			children = (
				FC8932DA211C15C600647657 /* ZWIntroductionViewController.h */,
				FC8932D9211C15C600647657 /* ZWIntroductionViewController.m */,
			);
			path = Guide;
			sourceTree = "<group>";
		};
		FC8932E2211C2A7300647657 /* Login */ = {
			isa = PBXGroup;
			children = (
				FC8932E3211C2B7000647657 /* LoginVC.h */,
				FC8932E4211C2B7000647657 /* LoginVC.m */,
			);
			path = Login;
			sourceTree = "<group>";
		};
		FC8932E6211C33F600647657 /* NSObject */ = {
			isa = PBXGroup;
			children = (
				FC8932E8211C341500647657 /* XHTools.h */,
				FC8932E7211C341500647657 /* XHTools.m */,
			);
			path = NSObject;
			sourceTree = "<group>";
		};
		FC8932EA211C40A000647657 /* XHView */ = {
			isa = PBXGroup;
			children = (
				FC8932F1211C416900647657 /* YHResetFrameButton.h */,
				FC8932F2211C416900647657 /* YHResetFrameButton.m */,
				FC8932EF211C411900647657 /* XHShowTimePicker.h */,
				FC8932EE211C411900647657 /* XHShowTimePicker.m */,
				FC8932EC211C410200647657 /* XHDrawer.h */,
				FC8932EB211C410200647657 /* XHDrawer.m */,
			);
			path = XHView;
			sourceTree = "<group>";
		};
		FCF990442122A5C9007CDEA5 /* 0.自定义表格绘制（CustomDrawTable_Demo） */ = {
			isa = PBXGroup;
			children = (
				FCF990462122A688007CDEA5 /* Model */,
				FCF990492122A688007CDEA5 /* View */,
				FCF9904C2122A688007CDEA5 /* ViewController */,
			);
			path = "0.自定义表格绘制（CustomDrawTable_Demo）";
			sourceTree = "<group>";
		};
		FCF990462122A688007CDEA5 /* Model */ = {
			isa = PBXGroup;
			children = (
				FCF990472122A688007CDEA5 /* XHCarInwayDataDailyInfoModel.h */,
				FCF990482122A688007CDEA5 /* XHCarInwayDataDailyInfoModel.m */,
			);
			path = Model;
			sourceTree = "<group>";
		};
		FCF990492122A688007CDEA5 /* View */ = {
			isa = PBXGroup;
			children = (
				FCF9904A2122A688007CDEA5 /* XHCarInWayDataTableView.h */,
				FCF9904B2122A688007CDEA5 /* XHCarInWayDataTableView.m */,
			);
			path = View;
			sourceTree = "<group>";
		};
		FCF9904C2122A688007CDEA5 /* ViewController */ = {
			isa = PBXGroup;
			children = (
				FCF9904D2122A688007CDEA5 /* CustomDrawExampleTableViewController.h */,
				FCF9904E2122A688007CDEA5 /* CustomDrawExampleTableViewController.m */,
			);
			path = ViewController;
			sourceTree = "<group>";
		};
		FCF990522122AFF0007CDEA5 /* 1.音频波形图(VoiceWaver) */ = {
			isa = PBXGroup;
			children = (
				FCF9905B2122B013007CDEA5 /* Controller */,
				FCF990532122B012007CDEA5 /* Model */,
				FCF990562122B013007CDEA5 /* View */,
			);
			path = "1.音频波形图(VoiceWaver)";
			sourceTree = "<group>";
		};
		FCF990532122B012007CDEA5 /* Model */ = {
			isa = PBXGroup;
			children = (
				FCF990542122B012007CDEA5 /* RecordManager.h */,
				FCF990552122B012007CDEA5 /* RecordManager.m */,
			);
			path = Model;
			sourceTree = "<group>";
		};
		FCF990562122B013007CDEA5 /* View */ = {
			isa = PBXGroup;
			children = (
				FCF990572122B013007CDEA5 /* GridsView.h */,
				FCF990582122B013007CDEA5 /* GridsView.m */,
				FCF990592122B013007CDEA5 /* VolumeWaverView.h */,
				FCF9905A2122B013007CDEA5 /* VolumeWaverView.m */,
			);
			path = View;
			sourceTree = "<group>";
		};
		FCF9905B2122B013007CDEA5 /* Controller */ = {
			isa = PBXGroup;
			children = (
				FCF9905C2122B013007CDEA5 /* WaverExampleTableViewController.h */,
				FCF9905D2122B013007CDEA5 /* WaverExampleTableViewController.m */,
			);
			path = Controller;
			sourceTree = "<group>";
		};
		FCF990622122B664007CDEA5 /* 2.操作引导（ControllerGuideTip_Demo） */ = {
			isa = PBXGroup;
			children = (
				FCF990632122B723007CDEA5 /* Controllers */,
				FCF990662122B723007CDEA5 /* Models */,
				FCF990672122B723007CDEA5 /* Views */,
			);
			path = "2.操作引导（ControllerGuideTip_Demo）";
			sourceTree = "<group>";
		};
		FCF990632122B723007CDEA5 /* Controllers */ = {
			isa = PBXGroup;
			children = (
				FCF990642122B723007CDEA5 /* GuideTipDemoTableViewController.h */,
				FCF990652122B723007CDEA5 /* GuideTipDemoTableViewController.m */,
			);
			path = Controllers;
			sourceTree = "<group>";
		};
		FCF990662122B723007CDEA5 /* Models */ = {
			isa = PBXGroup;
			children = (
				FCF990692122B789007CDEA5 /* XHGuideTipManager.h */,
				FCF9906A2122B789007CDEA5 /* XHGuideTipManager.m */,
			);
			path = Models;
			sourceTree = "<group>";
		};
		FCF990672122B723007CDEA5 /* Views */ = {
			isa = PBXGroup;
			children = (
			);
			path = Views;
			sourceTree = "<group>";
		};
		FCF9906C2122DA7D007CDEA5 /* 3.日志记录（Logs_CocoaLumberjack_Demo） */ = {
			isa = PBXGroup;
			children = (
				FCF9908A2122DD7A007CDEA5 /* Models */,
				FCF9907E2122DD60007CDEA5 /* Controller */,
				FCF9906D2122DD60007CDEA5 /* Logs */,
			);
			path = "3.日志记录（Logs_CocoaLumberjack_Demo）";
			sourceTree = "<group>";
		};
		FCF9906D2122DD60007CDEA5 /* Logs */ = {
			isa = PBXGroup;
			children = (
				FCF9906E2122DD60007CDEA5 /* AppInfoManager.h */,
				FCF9906F2122DD60007CDEA5 /* AppInfoManager.m */,
				FCF990702122DD60007CDEA5 /* KeyChain.h */,
				FCF990712122DD60007CDEA5 /* KeyChain.m */,
				FCF990722122DD60007CDEA5 /* LogsInfoModel.h */,
				FCF990732122DD60007CDEA5 /* LogsInfoModel.m */,
				FCF990742122DD60007CDEA5 /* MyFileLogger.h */,
				FCF990752122DD60007CDEA5 /* MyFileLogger.m */,
				FCF990762122DD60007CDEA5 /* MyFileLoggerManagerDefault.h */,
				FCF990772122DD60007CDEA5 /* MyFileLoggerManagerDefault.m */,
				FCF990782122DD60007CDEA5 /* MyLog.h */,
				FCF990792122DD60007CDEA5 /* MyLog.m */,
				FCF9907A2122DD60007CDEA5 /* MyLogFromatter.h */,
				FCF9907B2122DD60007CDEA5 /* MyLogFromatter.m */,
				FCF9907C2122DD60007CDEA5 /* XHLogsManager.h */,
				FCF9907D2122DD60007CDEA5 /* XHLogsManager.m */,
			);
			path = Logs;
			sourceTree = "<group>";
		};
		FCF9907E2122DD60007CDEA5 /* Controller */ = {
			isa = PBXGroup;
			children = (
				FCF9907F2122DD60007CDEA5 /* LogsExampleTableViewController.h */,
				FCF990802122DD60007CDEA5 /* LogsExampleTableViewController.m */,
			);
			path = Controller;
			sourceTree = "<group>";
		};
		FCF9908A2122DD7A007CDEA5 /* Models */ = {
			isa = PBXGroup;
			children = (
				FCF9908B2122DD9A007CDEA5 /* Logs_PchConfig.h */,
			);
			path = Models;
			sourceTree = "<group>";
		};
/* End PBXGroup section */

/* Begin PBXNativeTarget section */
		FC89326B211BDF5200647657 /* XH_MultiFunction_Demo */ = {
			isa = PBXNativeTarget;
			buildConfigurationList = FC893298211BDF5300647657 /* Build configuration list for PBXNativeTarget "XH_MultiFunction_Demo" */;
			buildPhases = (
				9D2874A9D9143AF30A9105B9 /* [CP] Check Pods Manifest.lock */,
				FC893268211BDF5200647657 /* Sources */,
				FC893269211BDF5200647657 /* Frameworks */,
				FC89326A211BDF5200647657 /* Resources */,
				93A4E967E78F18AF66369C27 /* [CP] Embed Pods Frameworks */,
				FA99BC22EA19E922DB17F4F0 /* [CP] Copy Pods Resources */,
			);
			buildRules = (
			);
			dependencies = (
			);
			name = XH_MultiFunction_Demo;
			productName = XH_MultiFunction_Demo;
			productReference = FC89326C211BDF5200647657 /* XH_MultiFunction_Demo.app */;
			productType = "com.apple.product-type.application";
		};
		FC893283211BDF5300647657 /* XH_MultiFunction_DemoTests */ = {
			isa = PBXNativeTarget;
			buildConfigurationList = FC89329B211BDF5300647657 /* Build configuration list for PBXNativeTarget "XH_MultiFunction_DemoTests" */;
			buildPhases = (
				FC893280211BDF5300647657 /* Sources */,
				FC893281211BDF5300647657 /* Frameworks */,
				FC893282211BDF5300647657 /* Resources */,
			);
			buildRules = (
			);
			dependencies = (
				FC893286211BDF5300647657 /* PBXTargetDependency */,
			);
			name = XH_MultiFunction_DemoTests;
			productName = XH_MultiFunction_DemoTests;
			productReference = FC893284211BDF5300647657 /* XH_MultiFunction_DemoTests.xctest */;
			productType = "com.apple.product-type.bundle.unit-test";
		};
		FC89328E211BDF5300647657 /* XH_MultiFunction_DemoUITests */ = {
			isa = PBXNativeTarget;
			buildConfigurationList = FC89329E211BDF5300647657 /* Build configuration list for PBXNativeTarget "XH_MultiFunction_DemoUITests" */;
			buildPhases = (
				FC89328B211BDF5300647657 /* Sources */,
				FC89328C211BDF5300647657 /* Frameworks */,
				FC89328D211BDF5300647657 /* Resources */,
			);
			buildRules = (
			);
			dependencies = (
				FC893291211BDF5300647657 /* PBXTargetDependency */,
			);
			name = XH_MultiFunction_DemoUITests;
			productName = XH_MultiFunction_DemoUITests;
			productReference = FC89328F211BDF5300647657 /* XH_MultiFunction_DemoUITests.xctest */;
			productType = "com.apple.product-type.bundle.ui-testing";
		};
/* End PBXNativeTarget section */

/* Begin PBXProject section */
		FC893264211BDF5200647657 /* Project object */ = {
			isa = PBXProject;
			attributes = {
				LastUpgradeCheck = 0920;
				ORGANIZATIONNAME = MrYeL;
				TargetAttributes = {
					FC89326B211BDF5200647657 = {
						CreatedOnToolsVersion = 9.2;
						ProvisioningStyle = Automatic;
					};
					FC893283211BDF5300647657 = {
						CreatedOnToolsVersion = 9.2;
						ProvisioningStyle = Automatic;
						TestTargetID = FC89326B211BDF5200647657;
					};
					FC89328E211BDF5300647657 = {
						CreatedOnToolsVersion = 9.2;
						ProvisioningStyle = Automatic;
						TestTargetID = FC89326B211BDF5200647657;
					};
				};
			};
			buildConfigurationList = FC893267211BDF5200647657 /* Build configuration list for PBXProject "XH_MultiFunction_Demo" */;
			compatibilityVersion = "Xcode 8.0";
			developmentRegion = en;
			hasScannedForEncodings = 0;
			knownRegions = (
				en,
				Base,
			);
			mainGroup = FC893263211BDF5200647657;
			productRefGroup = FC89326D211BDF5200647657 /* Products */;
			projectDirPath = "";
			projectRoot = "";
			targets = (
				FC89326B211BDF5200647657 /* XH_MultiFunction_Demo */,
				FC893283211BDF5300647657 /* XH_MultiFunction_DemoTests */,
				FC89328E211BDF5300647657 /* XH_MultiFunction_DemoUITests */,
			);
		};
/* End PBXProject section */

/* Begin PBXResourcesBuildPhase section */
		FC89326A211BDF5200647657 /* Resources */ = {
			isa = PBXResourcesBuildPhase;
			buildActionMask = 2147483647;
			files = (
				FC38496D211D2D820063F13F /* README.md in Resources */,
				FC8932B8211BE28F00647657 /* README.md in Resources */,
				FC89327C211BDF5300647657 /* LaunchScreen.storyboard in Resources */,
				FC893279211BDF5300647657 /* Assets.xcassets in Resources */,
				FC8932B7211BE28F00647657 /* README.md in Resources */,
				FC384975211D821F0063F13F /* LaunchGuideImage_0.png in Resources */,
				FC893277211BDF5300647657 /* Main.storyboard in Resources */,
			);
			runOnlyForDeploymentPostprocessing = 0;
		};
		FC893282211BDF5300647657 /* Resources */ = {
			isa = PBXResourcesBuildPhase;
			buildActionMask = 2147483647;
			files = (
			);
			runOnlyForDeploymentPostprocessing = 0;
		};
		FC89328D211BDF5300647657 /* Resources */ = {
			isa = PBXResourcesBuildPhase;
			buildActionMask = 2147483647;
			files = (
			);
			runOnlyForDeploymentPostprocessing = 0;
		};
/* End PBXResourcesBuildPhase section */

/* Begin PBXShellScriptBuildPhase section */
		93A4E967E78F18AF66369C27 /* [CP] Embed Pods Frameworks */ = {
			isa = PBXShellScriptBuildPhase;
			buildActionMask = 2147483647;
			files = (
			);
			inputPaths = (
			);
			name = "[CP] Embed Pods Frameworks";
			outputPaths = (
			);
			runOnlyForDeploymentPostprocessing = 0;
			shellPath = /bin/sh;
			shellScript = "\"${SRCROOT}/Pods/Target Support Files/Pods-XH_MultiFunction_Demo/Pods-XH_MultiFunction_Demo-frameworks.sh\"\n";
			showEnvVarsInLog = 0;
		};
		9D2874A9D9143AF30A9105B9 /* [CP] Check Pods Manifest.lock */ = {
			isa = PBXShellScriptBuildPhase;
			buildActionMask = 2147483647;
			files = (
			);
			inputPaths = (
				"${PODS_PODFILE_DIR_PATH}/Podfile.lock",
				"${PODS_ROOT}/Manifest.lock",
			);
			name = "[CP] Check Pods Manifest.lock";
			outputPaths = (
				"$(DERIVED_FILE_DIR)/Pods-XH_MultiFunction_Demo-checkManifestLockResult.txt",
			);
			runOnlyForDeploymentPostprocessing = 0;
			shellPath = /bin/sh;
			shellScript = "diff \"${PODS_PODFILE_DIR_PATH}/Podfile.lock\" \"${PODS_ROOT}/Manifest.lock\" > /dev/null\nif [ $? != 0 ] ; then\n    # print error to STDERR\n    echo \"error: The sandbox is not in sync with the Podfile.lock. Run 'pod install' or update your CocoaPods installation.\" >&2\n    exit 1\nfi\n# This output is used by Xcode 'outputs' to avoid re-running this script phase.\necho \"SUCCESS\" > \"${SCRIPT_OUTPUT_FILE_0}\"\n";
			showEnvVarsInLog = 0;
		};
		FA99BC22EA19E922DB17F4F0 /* [CP] Copy Pods Resources */ = {
			isa = PBXShellScriptBuildPhase;
			buildActionMask = 2147483647;
			files = (
			);
			inputPaths = (
				"${SRCROOT}/Pods/Target Support Files/Pods-XH_MultiFunction_Demo/Pods-XH_MultiFunction_Demo-resources.sh",
				"${PODS_ROOT}/MJRefresh/MJRefresh/MJRefresh.bundle",
			);
			name = "[CP] Copy Pods Resources";
			outputPaths = (
				"${TARGET_BUILD_DIR}/${UNLOCALIZED_RESOURCES_FOLDER_PATH}",
			);
			runOnlyForDeploymentPostprocessing = 0;
			shellPath = /bin/sh;
			shellScript = "\"${SRCROOT}/Pods/Target Support Files/Pods-XH_MultiFunction_Demo/Pods-XH_MultiFunction_Demo-resources.sh\"\n";
			showEnvVarsInLog = 0;
		};
/* End PBXShellScriptBuildPhase section */

/* Begin PBXSourcesBuildPhase section */
		FC893268211BDF5200647657 /* Sources */ = {
			isa = PBXSourcesBuildPhase;
			buildActionMask = 2147483647;
			files = (
				FCF990832122DD60007CDEA5 /* LogsInfoModel.m in Sources */,
				FC384965211D25000063F13F /* UIGestureRecognizer+BlocksKit.m in Sources */,
				FCF990822122DD60007CDEA5 /* KeyChain.m in Sources */,
				FC8932C6211C063C00647657 /* AppBaseNavigationController.m in Sources */,
				FCF9905F2122B013007CDEA5 /* GridsView.m in Sources */,
				FCF990892122DD60007CDEA5 /* LogsExampleTableViewController.m in Sources */,
				FC384955211D240C0063F13F /* AppBaseViewController.m in Sources */,
				FCF990882122DD60007CDEA5 /* XHLogsManager.m in Sources */,
				FCF990852122DD60007CDEA5 /* MyFileLoggerManagerDefault.m in Sources */,
				FCF990812122DD60007CDEA5 /* AppInfoManager.m in Sources */,
				FCF990862122DD60007CDEA5 /* MyLog.m in Sources */,
				FC8932F6211C434F00647657 /* NSArray+add.m in Sources */,
				FC8932DE211C170C00647657 /* XHAdViewController.m in Sources */,
				FC8932D1211C0CE900647657 /* XHAdInfoModel.m in Sources */,
				FC8932F9211C479100647657 /* TouchID.m in Sources */,
				FC384958211D240C0063F13F /* UITableView+Custom.m in Sources */,
				FC8932D8211C0EC800647657 /* UIColor+additions.m in Sources */,
				FC8932DB211C15C600647657 /* ZWIntroductionViewController.m in Sources */,
				FC384970211D6FBA0063F13F /* UIScrollView+Offset.m in Sources */,
				FC893274211BDF5300647657 /* ViewController.m in Sources */,
				FCF990502122A688007CDEA5 /* XHCarInWayDataTableView.m in Sources */,
				FC89327F211BDF5300647657 /* main.m in Sources */,
				FC8932E9211C341500647657 /* XHTools.m in Sources */,
				FC384954211D240C0063F13F /* AppBaseTableViewController.m in Sources */,
				FC384967211D25000063F13F /* UISearchBar+JCSearchBarPlaceholder.m in Sources */,
				FCF990872122DD60007CDEA5 /* MyLogFromatter.m in Sources */,
				FC8932CD211C0C9200647657 /* AppManager.m in Sources */,
				FC384964211D25000063F13F /* NSObject+Extension.m in Sources */,
				FCF990512122A688007CDEA5 /* CustomDrawExampleTableViewController.m in Sources */,
				FC38495B211D24880063F13F /* AppBaseTableViewDataModel.m in Sources */,
				FC8932ED211C410200647657 /* XHDrawer.m in Sources */,
				FC8932D4211C0D2100647657 /* AppUserInfoModel.m in Sources */,
				FC8932FC211C47D900647657 /* UIView+Activity.m in Sources */,
				FC384953211D240C0063F13F /* AppBaseCustomSystemTableViewController.m in Sources */,
				FC8932F0211C411900647657 /* XHShowTimePicker.m in Sources */,
				FC893271211BDF5300647657 /* AppDelegate.m in Sources */,
				FC38496C211D2D820063F13F /* Reachability.m in Sources */,
				FC8932C7211C063C00647657 /* AppBaseTabBarController.m in Sources */,
				FCF990602122B013007CDEA5 /* VolumeWaverView.m in Sources */,
				FC384973211D716D0063F13F /* HomeFunctionListVC.m in Sources */,
				FC384957211D240C0063F13F /* AppBaseTableView.m in Sources */,
				FCF9905E2122B013007CDEA5 /* RecordManager.m in Sources */,
				FCF990612122B013007CDEA5 /* WaverExampleTableViewController.m in Sources */,
				FC384966211D25000063F13F /* UINavigationController+RoutePush.m in Sources */,
				FCF9906B2122B78A007CDEA5 /* XHGuideTipManager.m in Sources */,
				FC384952211D240C0063F13F /* AppBaseTableViewCell.m in Sources */,
				FC8932E5211C2B7000647657 /* LoginVC.m in Sources */,
				FCF9903D212277EE007CDEA5 /* MBProgressHUD+XHAdd.m in Sources */,
				FCF9904F2122A688007CDEA5 /* XHCarInwayDataDailyInfoModel.m in Sources */,
				FCF990682122B723007CDEA5 /* GuideTipDemoTableViewController.m in Sources */,
				FC8932F3211C416900647657 /* YHResetFrameButton.m in Sources */,
				FC8932CA211C063C00647657 /* AppMainViewController.m in Sources */,
				FCF990842122DD60007CDEA5 /* MyFileLogger.m in Sources */,
			);
			runOnlyForDeploymentPostprocessing = 0;
		};
		FC893280211BDF5300647657 /* Sources */ = {
			isa = PBXSourcesBuildPhase;
			buildActionMask = 2147483647;
			files = (
				FC893289211BDF5300647657 /* XH_MultiFunction_DemoTests.m in Sources */,
			);
			runOnlyForDeploymentPostprocessing = 0;
		};
		FC89328B211BDF5300647657 /* Sources */ = {
			isa = PBXSourcesBuildPhase;
			buildActionMask = 2147483647;
			files = (
				FC893294211BDF5300647657 /* XH_MultiFunction_DemoUITests.m in Sources */,
			);
			runOnlyForDeploymentPostprocessing = 0;
		};
/* End PBXSourcesBuildPhase section */

/* Begin PBXTargetDependency section */
		FC893286211BDF5300647657 /* PBXTargetDependency */ = {
			isa = PBXTargetDependency;
			target = FC89326B211BDF5200647657 /* XH_MultiFunction_Demo */;
			targetProxy = FC893285211BDF5300647657 /* PBXContainerItemProxy */;
		};
		FC893291211BDF5300647657 /* PBXTargetDependency */ = {
			isa = PBXTargetDependency;
			target = FC89326B211BDF5200647657 /* XH_MultiFunction_Demo */;
			targetProxy = FC893290211BDF5300647657 /* PBXContainerItemProxy */;
		};
/* End PBXTargetDependency section */

/* Begin PBXVariantGroup section */
		FC893275211BDF5300647657 /* Main.storyboard */ = {
			isa = PBXVariantGroup;
			children = (
				FC893276211BDF5300647657 /* Base */,
			);
			name = Main.storyboard;
			sourceTree = "<group>";
		};
		FC89327A211BDF5300647657 /* LaunchScreen.storyboard */ = {
			isa = PBXVariantGroup;
			children = (
				FC89327B211BDF5300647657 /* Base */,
			);
			name = LaunchScreen.storyboard;
			sourceTree = "<group>";
		};
/* End PBXVariantGroup section */

/* Begin XCBuildConfiguration section */
		FC893296211BDF5300647657 /* Debug */ = {
			isa = XCBuildConfiguration;
			buildSettings = {
				ALWAYS_SEARCH_USER_PATHS = NO;
				CLANG_ANALYZER_NONNULL = YES;
				CLANG_ANALYZER_NUMBER_OBJECT_CONVERSION = YES_AGGRESSIVE;
				CLANG_CXX_LANGUAGE_STANDARD = "gnu++14";
				CLANG_CXX_LIBRARY = "libc++";
				CLANG_ENABLE_MODULES = YES;
				CLANG_ENABLE_OBJC_ARC = YES;
				CLANG_WARN_BLOCK_CAPTURE_AUTORELEASING = YES;
				CLANG_WARN_BOOL_CONVERSION = YES;
				CLANG_WARN_COMMA = YES;
				CLANG_WARN_CONSTANT_CONVERSION = YES;
				CLANG_WARN_DIRECT_OBJC_ISA_USAGE = YES_ERROR;
				CLANG_WARN_DOCUMENTATION_COMMENTS = YES;
				CLANG_WARN_EMPTY_BODY = YES;
				CLANG_WARN_ENUM_CONVERSION = YES;
				CLANG_WARN_INFINITE_RECURSION = YES;
				CLANG_WARN_INT_CONVERSION = YES;
				CLANG_WARN_NON_LITERAL_NULL_CONVERSION = YES;
				CLANG_WARN_OBJC_LITERAL_CONVERSION = YES;
				CLANG_WARN_OBJC_ROOT_CLASS = YES_ERROR;
				CLANG_WARN_RANGE_LOOP_ANALYSIS = YES;
				CLANG_WARN_STRICT_PROTOTYPES = YES;
				CLANG_WARN_SUSPICIOUS_MOVE = YES;
				CLANG_WARN_UNGUARDED_AVAILABILITY = YES_AGGRESSIVE;
				CLANG_WARN_UNREACHABLE_CODE = YES;
				CLANG_WARN__DUPLICATE_METHOD_MATCH = YES;
				CODE_SIGN_IDENTITY = "iPhone Developer";
				COPY_PHASE_STRIP = NO;
				DEBUG_INFORMATION_FORMAT = dwarf;
				ENABLE_STRICT_OBJC_MSGSEND = YES;
				ENABLE_TESTABILITY = YES;
				GCC_C_LANGUAGE_STANDARD = gnu11;
				GCC_DYNAMIC_NO_PIC = NO;
				GCC_NO_COMMON_BLOCKS = YES;
				GCC_OPTIMIZATION_LEVEL = 0;
				GCC_PREPROCESSOR_DEFINITIONS = (
					"DEBUG=1",
					"$(inherited)",
				);
				GCC_WARN_64_TO_32_BIT_CONVERSION = YES;
				GCC_WARN_ABOUT_RETURN_TYPE = YES_ERROR;
				GCC_WARN_UNDECLARED_SELECTOR = YES;
				GCC_WARN_UNINITIALIZED_AUTOS = YES_AGGRESSIVE;
				GCC_WARN_UNUSED_FUNCTION = YES;
				GCC_WARN_UNUSED_VARIABLE = YES;
				IPHONEOS_DEPLOYMENT_TARGET = 11.2;
				MTL_ENABLE_DEBUG_INFO = YES;
				ONLY_ACTIVE_ARCH = YES;
				SDKROOT = iphoneos;
			};
			name = Debug;
		};
		FC893297211BDF5300647657 /* Release */ = {
			isa = XCBuildConfiguration;
			buildSettings = {
				ALWAYS_SEARCH_USER_PATHS = NO;
				CLANG_ANALYZER_NONNULL = YES;
				CLANG_ANALYZER_NUMBER_OBJECT_CONVERSION = YES_AGGRESSIVE;
				CLANG_CXX_LANGUAGE_STANDARD = "gnu++14";
				CLANG_CXX_LIBRARY = "libc++";
				CLANG_ENABLE_MODULES = YES;
				CLANG_ENABLE_OBJC_ARC = YES;
				CLANG_WARN_BLOCK_CAPTURE_AUTORELEASING = YES;
				CLANG_WARN_BOOL_CONVERSION = YES;
				CLANG_WARN_COMMA = YES;
				CLANG_WARN_CONSTANT_CONVERSION = YES;
				CLANG_WARN_DIRECT_OBJC_ISA_USAGE = YES_ERROR;
				CLANG_WARN_DOCUMENTATION_COMMENTS = YES;
				CLANG_WARN_EMPTY_BODY = YES;
				CLANG_WARN_ENUM_CONVERSION = YES;
				CLANG_WARN_INFINITE_RECURSION = YES;
				CLANG_WARN_INT_CONVERSION = YES;
				CLANG_WARN_NON_LITERAL_NULL_CONVERSION = YES;
				CLANG_WARN_OBJC_LITERAL_CONVERSION = YES;
				CLANG_WARN_OBJC_ROOT_CLASS = YES_ERROR;
				CLANG_WARN_RANGE_LOOP_ANALYSIS = YES;
				CLANG_WARN_STRICT_PROTOTYPES = YES;
				CLANG_WARN_SUSPICIOUS_MOVE = YES;
				CLANG_WARN_UNGUARDED_AVAILABILITY = YES_AGGRESSIVE;
				CLANG_WARN_UNREACHABLE_CODE = YES;
				CLANG_WARN__DUPLICATE_METHOD_MATCH = YES;
				CODE_SIGN_IDENTITY = "iPhone Developer";
				COPY_PHASE_STRIP = NO;
				DEBUG_INFORMATION_FORMAT = "dwarf-with-dsym";
				ENABLE_NS_ASSERTIONS = NO;
				ENABLE_STRICT_OBJC_MSGSEND = YES;
				GCC_C_LANGUAGE_STANDARD = gnu11;
				GCC_NO_COMMON_BLOCKS = YES;
				GCC_WARN_64_TO_32_BIT_CONVERSION = YES;
				GCC_WARN_ABOUT_RETURN_TYPE = YES_ERROR;
				GCC_WARN_UNDECLARED_SELECTOR = YES;
				GCC_WARN_UNINITIALIZED_AUTOS = YES_AGGRESSIVE;
				GCC_WARN_UNUSED_FUNCTION = YES;
				GCC_WARN_UNUSED_VARIABLE = YES;
				IPHONEOS_DEPLOYMENT_TARGET = 11.2;
				MTL_ENABLE_DEBUG_INFO = NO;
				SDKROOT = iphoneos;
				VALIDATE_PRODUCT = YES;
			};
			name = Release;
		};
		FC893299211BDF5300647657 /* Debug */ = {
			isa = XCBuildConfiguration;
			baseConfigurationReference = 46C97B3AB8747B4ACCFA45A8 /* Pods-XH_MultiFunction_Demo.debug.xcconfig */;
			buildSettings = {
				ASSETCATALOG_COMPILER_APPICON_NAME = AppIcon;
				CODE_SIGN_STYLE = Automatic;
				DEVELOPMENT_TEAM = EA72JG3VB5;
				GCC_PREFIX_HEADER = "$(SRCROOT)/XH_MultiFunction_Demo/Project/Utils（通用类）/Prefix/PrefixHeader.pch";
				INFOPLIST_FILE = XH_MultiFunction_Demo/Info.plist;
				IPHONEOS_DEPLOYMENT_TARGET = 8.0;
				LD_RUNPATH_SEARCH_PATHS = "$(inherited) @executable_path/Frameworks";
				PRODUCT_BUNDLE_IDENTIFIER = "MrYeL.XH-MultiFunction-Demo";
				PRODUCT_NAME = "$(TARGET_NAME)";
				TARGETED_DEVICE_FAMILY = "1,2";
			};
			name = Debug;
		};
		FC89329A211BDF5300647657 /* Release */ = {
			isa = XCBuildConfiguration;
			baseConfigurationReference = 5CC44D7C6B7BC251C405AB48 /* Pods-XH_MultiFunction_Demo.release.xcconfig */;
			buildSettings = {
				ASSETCATALOG_COMPILER_APPICON_NAME = AppIcon;
				CODE_SIGN_STYLE = Automatic;
				DEVELOPMENT_TEAM = EA72JG3VB5;
				GCC_PREFIX_HEADER = "$(SRCROOT)/XH_MultiFunction_Demo/Project/Utils（通用类）/Prefix/PrefixHeader.pch";
				INFOPLIST_FILE = XH_MultiFunction_Demo/Info.plist;
				IPHONEOS_DEPLOYMENT_TARGET = 8.0;
				LD_RUNPATH_SEARCH_PATHS = "$(inherited) @executable_path/Frameworks";
				PRODUCT_BUNDLE_IDENTIFIER = "MrYeL.XH-MultiFunction-Demo";
				PRODUCT_NAME = "$(TARGET_NAME)";
				TARGETED_DEVICE_FAMILY = "1,2";
			};
			name = Release;
		};
		FC89329C211BDF5300647657 /* Debug */ = {
			isa = XCBuildConfiguration;
			buildSettings = {
				BUNDLE_LOADER = "$(TEST_HOST)";
				CODE_SIGN_STYLE = Automatic;
				INFOPLIST_FILE = XH_MultiFunction_DemoTests/Info.plist;
				LD_RUNPATH_SEARCH_PATHS = "$(inherited) @executable_path/Frameworks @loader_path/Frameworks";
				PRODUCT_BUNDLE_IDENTIFIER = "MrYeL.XH-MultiFunction-DemoTests";
				PRODUCT_NAME = "$(TARGET_NAME)";
				TARGETED_DEVICE_FAMILY = "1,2";
				TEST_HOST = "$(BUILT_PRODUCTS_DIR)/XH_MultiFunction_Demo.app/XH_MultiFunction_Demo";
			};
			name = Debug;
		};
		FC89329D211BDF5300647657 /* Release */ = {
			isa = XCBuildConfiguration;
			buildSettings = {
				BUNDLE_LOADER = "$(TEST_HOST)";
				CODE_SIGN_STYLE = Automatic;
				INFOPLIST_FILE = XH_MultiFunction_DemoTests/Info.plist;
				LD_RUNPATH_SEARCH_PATHS = "$(inherited) @executable_path/Frameworks @loader_path/Frameworks";
				PRODUCT_BUNDLE_IDENTIFIER = "MrYeL.XH-MultiFunction-DemoTests";
				PRODUCT_NAME = "$(TARGET_NAME)";
				TARGETED_DEVICE_FAMILY = "1,2";
				TEST_HOST = "$(BUILT_PRODUCTS_DIR)/XH_MultiFunction_Demo.app/XH_MultiFunction_Demo";
			};
			name = Release;
		};
		FC89329F211BDF5300647657 /* Debug */ = {
			isa = XCBuildConfiguration;
			buildSettings = {
				CODE_SIGN_STYLE = Automatic;
				INFOPLIST_FILE = XH_MultiFunction_DemoUITests/Info.plist;
				LD_RUNPATH_SEARCH_PATHS = "$(inherited) @executable_path/Frameworks @loader_path/Frameworks";
				PRODUCT_BUNDLE_IDENTIFIER = "MrYeL.XH-MultiFunction-DemoUITests";
				PRODUCT_NAME = "$(TARGET_NAME)";
				TARGETED_DEVICE_FAMILY = "1,2";
				TEST_TARGET_NAME = XH_MultiFunction_Demo;
			};
			name = Debug;
		};
		FC8932A0211BDF5300647657 /* Release */ = {
			isa = XCBuildConfiguration;
			buildSettings = {
				CODE_SIGN_STYLE = Automatic;
				INFOPLIST_FILE = XH_MultiFunction_DemoUITests/Info.plist;
				LD_RUNPATH_SEARCH_PATHS = "$(inherited) @executable_path/Frameworks @loader_path/Frameworks";
				PRODUCT_BUNDLE_IDENTIFIER = "MrYeL.XH-MultiFunction-DemoUITests";
				PRODUCT_NAME = "$(TARGET_NAME)";
				TARGETED_DEVICE_FAMILY = "1,2";
				TEST_TARGET_NAME = XH_MultiFunction_Demo;
			};
			name = Release;
		};
/* End XCBuildConfiguration section */

/* Begin XCConfigurationList section */
		FC893267211BDF5200647657 /* Build configuration list for PBXProject "XH_MultiFunction_Demo" */ = {
			isa = XCConfigurationList;
			buildConfigurations = (
				FC893296211BDF5300647657 /* Debug */,
				FC893297211BDF5300647657 /* Release */,
			);
			defaultConfigurationIsVisible = 0;
			defaultConfigurationName = Release;
		};
		FC893298211BDF5300647657 /* Build configuration list for PBXNativeTarget "XH_MultiFunction_Demo" */ = {
			isa = XCConfigurationList;
			buildConfigurations = (
				FC893299211BDF5300647657 /* Debug */,
				FC89329A211BDF5300647657 /* Release */,
			);
			defaultConfigurationIsVisible = 0;
			defaultConfigurationName = Release;
		};
		FC89329B211BDF5300647657 /* Build configuration list for PBXNativeTarget "XH_MultiFunction_DemoTests" */ = {
			isa = XCConfigurationList;
			buildConfigurations = (
				FC89329C211BDF5300647657 /* Debug */,
				FC89329D211BDF5300647657 /* Release */,
			);
			defaultConfigurationIsVisible = 0;
			defaultConfigurationName = Release;
		};
		FC89329E211BDF5300647657 /* Build configuration list for PBXNativeTarget "XH_MultiFunction_DemoUITests" */ = {
			isa = XCConfigurationList;
			buildConfigurations = (
				FC89329F211BDF5300647657 /* Debug */,
				FC8932A0211BDF5300647657 /* Release */,
			);
			defaultConfigurationIsVisible = 0;
			defaultConfigurationName = Release;
		};
/* End XCConfigurationList section */
	};
	rootObject = FC893264211BDF5200647657 /* Project object */;
}
